// !$*UTF8*$!
{
	archiveVersion = 1;
	classes = {
	};
	objectVersion = 46;
	objects = {

/* Begin PBXBuildFile section */
		203314591E9E3D0200EB5D02 /* ansi.10m.sh in Resources */ = {isa = PBXBuildFile; fileRef = 203314471E9E3D0200EB5D02 /* ansi.10m.sh */; };
		2033145A1E9E3D0200EB5D02 /* args.sh in Resources */ = {isa = PBXBuildFile; fileRef = 203314481E9E3D0200EB5D02 /* args.sh */; };
		2033145B1E9E3D0200EB5D02 /* basic.sh in Resources */ = {isa = PBXBuildFile; fileRef = 203314491E9E3D0200EB5D02 /* basic.sh */; };
		2033145C1E9E3D0200EB5D02 /* complex.sh in Resources */ = {isa = PBXBuildFile; fileRef = 2033144A1E9E3D0200EB5D02 /* complex.sh */; };
		2033145D1E9E3D0200EB5D02 /* exit1-no-output.sh in Resources */ = {isa = PBXBuildFile; fileRef = 2033144B1E9E3D0200EB5D02 /* exit1-no-output.sh */; };
		2033145E1E9E3D0200EB5D02 /* exit1-output.sh in Resources */ = {isa = PBXBuildFile; fileRef = 2033144C1E9E3D0200EB5D02 /* exit1-output.sh */; };
		2033145F1E9E3D0200EB5D02 /* invalid-syntax.sh in Resources */ = {isa = PBXBuildFile; fileRef = 2033144D1E9E3D0200EB5D02 /* invalid-syntax.sh */; };
		203314601E9E3D0200EB5D02 /* missing-sh-bin.10m.sh in Resources */ = {isa = PBXBuildFile; fileRef = 2033144E1E9E3D0200EB5D02 /* missing-sh-bin.10m.sh */; };
		203314611E9E3D0200EB5D02 /* nonexec.sh in Resources */ = {isa = PBXBuildFile; fileRef = 2033144F1E9E3D0200EB5D02 /* nonexec.sh */; };
		203314621E9E3D0200EB5D02 /* sleep.sh in Resources */ = {isa = PBXBuildFile; fileRef = 203314501E9E3D0200EB5D02 /* sleep.sh */; };
		203314631E9E3D0200EB5D02 /* space script.sh in Resources */ = {isa = PBXBuildFile; fileRef = 203314511E9E3D0200EB5D02 /* space script.sh */; };
		203314641E9E3D0200EB5D02 /* stream-more.sh in Resources */ = {isa = PBXBuildFile; fileRef = 203314521E9E3D0200EB5D02 /* stream-more.sh */; };
		203314651E9E3D0200EB5D02 /* stream-nomore.sh in Resources */ = {isa = PBXBuildFile; fileRef = 203314531E9E3D0200EB5D02 /* stream-nomore.sh */; };
		203314661E9E3D0200EB5D02 /* stream-nothing.sh in Resources */ = {isa = PBXBuildFile; fileRef = 203314541E9E3D0200EB5D02 /* stream-nothing.sh */; };
		203314671E9E3D0200EB5D02 /* stream-sleep.sh in Resources */ = {isa = PBXBuildFile; fileRef = 203314551E9E3D0200EB5D02 /* stream-sleep.sh */; };
		203314681E9E3D0200EB5D02 /* sub.10s.sh in Resources */ = {isa = PBXBuildFile; fileRef = 203314561E9E3D0200EB5D02 /* sub.10s.sh */; };
		203314691E9E3D0200EB5D02 /* sub2.10s.sh in Resources */ = {isa = PBXBuildFile; fileRef = 203314571E9E3D0200EB5D02 /* sub2.10s.sh */; };
		2033146A1E9E3D0200EB5D02 /* sub3.10s.sh in Resources */ = {isa = PBXBuildFile; fileRef = 203314581E9E3D0200EB5D02 /* sub3.10s.sh */; };
		31C7B24AE0A739E9D9F4855C /* Pods_BitBar.framework in Frameworks */ = {isa = PBXBuildFile; fileRef = 9231B3B87902775D9BFD65C0 /* Pods_BitBar.framework */; };
		79EBCBB71EF86ABAEDF4B791 /* Pods_BitBarTests.framework in Frameworks */ = {isa = PBXBuildFile; fileRef = 77E5B8E0D751F1407724C694 /* Pods_BitBarTests.framework */; };
		OBJ_113 /* Alternate.swift in Sources */ = {isa = PBXBuildFile; fileRef = OBJ_8 /* Alternate.swift */; };
		OBJ_114 /* Ansi.swift in Sources */ = {isa = PBXBuildFile; fileRef = OBJ_9 /* Ansi.swift */; };
		OBJ_115 /* App.swift in Sources */ = {isa = PBXBuildFile; fileRef = OBJ_10 /* App.swift */; };
		OBJ_116 /* AppDelegate.swift in Sources */ = {isa = PBXBuildFile; fileRef = OBJ_11 /* AppDelegate.swift */; };
		OBJ_117 /* Array.swift in Sources */ = {isa = PBXBuildFile; fileRef = OBJ_12 /* Array.swift */; };
		OBJ_118 /* Autostart.swift in Sources */ = {isa = PBXBuildFile; fileRef = OBJ_13 /* Autostart.swift */; };
		OBJ_119 /* Base.swift in Sources */ = {isa = PBXBuildFile; fileRef = OBJ_14 /* Base.swift */; };
		OBJ_120 /* Bash.swift in Sources */ = {isa = PBXBuildFile; fileRef = OBJ_15 /* Bash.swift */; };
		OBJ_121 /* Buffer.swift in Sources */ = {isa = PBXBuildFile; fileRef = OBJ_16 /* Buffer.swift */; };
		OBJ_122 /* Checked.swift in Sources */ = {isa = PBXBuildFile; fileRef = OBJ_17 /* Checked.swift */; };
		OBJ_123 /* Color.swift in Sources */ = {isa = PBXBuildFile; fileRef = OBJ_18 /* Color.swift */; };
		OBJ_124 /* Container.swift in Sources */ = {isa = PBXBuildFile; fileRef = OBJ_19 /* Container.swift */; };
		OBJ_125 /* DefaultsKeys.swift in Sources */ = {isa = PBXBuildFile; fileRef = OBJ_20 /* DefaultsKeys.swift */; };
		OBJ_126 /* Dropdown.swift in Sources */ = {isa = PBXBuildFile; fileRef = OBJ_21 /* Dropdown.swift */; };
		OBJ_127 /* Emojize.swift in Sources */ = {isa = PBXBuildFile; fileRef = OBJ_22 /* Emojize.swift */; };
		OBJ_128 /* ExecutablePlugin.swift in Sources */ = {isa = PBXBuildFile; fileRef = OBJ_23 /* ExecutablePlugin.swift */; };
		OBJ_129 /* File.swift in Sources */ = {isa = PBXBuildFile; fileRef = OBJ_24 /* File.swift */; };
		OBJ_130 /* Font.swift in Sources */ = {isa = PBXBuildFile; fileRef = OBJ_25 /* Font.swift */; };
		OBJ_131 /* Href.swift in Sources */ = {isa = PBXBuildFile; fileRef = OBJ_26 /* Href.swift */; };
		OBJ_132 /* Image.swift in Sources */ = {isa = PBXBuildFile; fileRef = OBJ_27 /* Image.swift */; };
		OBJ_133 /* ItemBase.swift in Sources */ = {isa = PBXBuildFile; fileRef = OBJ_28 /* ItemBase.swift */; };
		OBJ_134 /* ItemBaseDelegate.swift in Sources */ = {isa = PBXBuildFile; fileRef = OBJ_29 /* ItemBaseDelegate.swift */; };
		OBJ_135 /* Length.swift in Sources */ = {isa = PBXBuildFile; fileRef = OBJ_30 /* Length.swift */; };
		OBJ_136 /* Listen.swift in Sources */ = {isa = PBXBuildFile; fileRef = OBJ_31 /* Listen.swift */; };
		OBJ_137 /* Menu.swift in Sources */ = {isa = PBXBuildFile; fileRef = OBJ_32 /* Menu.swift */; };
		OBJ_138 /* Menuable.swift in Sources */ = {isa = PBXBuildFile; fileRef = OBJ_33 /* Menuable.swift */; };
		OBJ_139 /* NamedParam.swift in Sources */ = {isa = PBXBuildFile; fileRef = OBJ_34 /* NamedParam.swift */; };
		OBJ_140 /* NSAttributedString.swift in Sources */ = {isa = PBXBuildFile; fileRef = OBJ_35 /* NSAttributedString.swift */; };
		OBJ_141 /* NSFont.swift in Sources */ = {isa = PBXBuildFile; fileRef = OBJ_36 /* NSFont.swift */; };
		OBJ_142 /* NSMutableAttributedString.swift in Sources */ = {isa = PBXBuildFile; fileRef = OBJ_37 /* NSMutableAttributedString.swift */; };
		OBJ_143 /* Output.swift in Sources */ = {isa = PBXBuildFile; fileRef = OBJ_38 /* Output.swift */; };
		OBJ_144 /* Param.swift in Sources */ = {isa = PBXBuildFile; fileRef = OBJ_39 /* Param.swift */; };
		OBJ_145 /* Parser.swift in Sources */ = {isa = PBXBuildFile; fileRef = OBJ_40 /* Parser.swift */; };
		OBJ_146 /* PathSelector.swift in Sources */ = {isa = PBXBuildFile; fileRef = OBJ_41 /* PathSelector.swift */; };
		OBJ_147 /* Plugin.swift in Sources */ = {isa = PBXBuildFile; fileRef = OBJ_42 /* Plugin.swift */; };
		OBJ_148 /* PluginManager.swift in Sources */ = {isa = PBXBuildFile; fileRef = OBJ_43 /* PluginManager.swift */; };
		OBJ_149 /* PrefItem.swift in Sources */ = {isa = PBXBuildFile; fileRef = OBJ_44 /* PrefItem.swift */; };
		OBJ_150 /* Refresh.swift in Sources */ = {isa = PBXBuildFile; fileRef = OBJ_45 /* Refresh.swift */; };
		OBJ_151 /* Result.swift in Sources */ = {isa = PBXBuildFile; fileRef = OBJ_46 /* Result.swift */; };
		OBJ_152 /* Script.swift in Sources */ = {isa = PBXBuildFile; fileRef = OBJ_47 /* Script.swift */; };
		OBJ_153 /* ScriptDelegate.swift in Sources */ = {isa = PBXBuildFile; fileRef = OBJ_48 /* ScriptDelegate.swift */; };
		OBJ_154 /* Size.swift in Sources */ = {isa = PBXBuildFile; fileRef = OBJ_49 /* Size.swift */; };
		OBJ_155 /* String.swift in Sources */ = {isa = PBXBuildFile; fileRef = OBJ_50 /* String.swift */; };
		OBJ_156 /* TemplateImage.swift in Sources */ = {isa = PBXBuildFile; fileRef = OBJ_51 /* TemplateImage.swift */; };
		OBJ_157 /* Terminal.swift in Sources */ = {isa = PBXBuildFile; fileRef = OBJ_52 /* Terminal.swift */; };
		OBJ_158 /* Title.swift in Sources */ = {isa = PBXBuildFile; fileRef = OBJ_53 /* Title.swift */; };
		OBJ_159 /* Tray.swift in Sources */ = {isa = PBXBuildFile; fileRef = OBJ_54 /* Tray.swift */; };
		OBJ_160 /* Trim.swift in Sources */ = {isa = PBXBuildFile; fileRef = OBJ_55 /* Trim.swift */; };
		OBJ_161 /* UpdatedAgoItem.swift in Sources */ = {isa = PBXBuildFile; fileRef = OBJ_56 /* UpdatedAgoItem.swift */; };
		OBJ_162 /* Updater.swift in Sources */ = {isa = PBXBuildFile; fileRef = OBJ_57 /* Updater.swift */; };
		OBJ_169 /* Alternate.swift in Sources */ = {isa = PBXBuildFile; fileRef = OBJ_60 /* Alternate.swift */; };
		OBJ_170 /* Ansi.swift in Sources */ = {isa = PBXBuildFile; fileRef = OBJ_61 /* Ansi.swift */; };
		OBJ_171 /* AnsiTests.swift in Sources */ = {isa = PBXBuildFile; fileRef = OBJ_62 /* AnsiTests.swift */; };
		OBJ_172 /* Bash.swift in Sources */ = {isa = PBXBuildFile; fileRef = OBJ_63 /* Bash.swift */; };
		OBJ_173 /* BashTests.swift in Sources */ = {isa = PBXBuildFile; fileRef = OBJ_64 /* BashTests.swift */; };
		OBJ_174 /* BufferTests.swift in Sources */ = {isa = PBXBuildFile; fileRef = OBJ_65 /* BufferTests.swift */; };
		OBJ_175 /* Color.swift in Sources */ = {isa = PBXBuildFile; fileRef = OBJ_66 /* Color.swift */; };
		OBJ_176 /* ColorTests.swift in Sources */ = {isa = PBXBuildFile; fileRef = OBJ_67 /* ColorTests.swift */; };
		OBJ_177 /* Container.swift in Sources */ = {isa = PBXBuildFile; fileRef = OBJ_68 /* Container.swift */; };
		OBJ_178 /* ContainerTests.swift in Sources */ = {isa = PBXBuildFile; fileRef = OBJ_69 /* ContainerTests.swift */; };
		OBJ_179 /* Dropdown.swift in Sources */ = {isa = PBXBuildFile; fileRef = OBJ_70 /* Dropdown.swift */; };
		OBJ_180 /* Emojize.swift in Sources */ = {isa = PBXBuildFile; fileRef = OBJ_71 /* Emojize.swift */; };
		OBJ_181 /* ExecutablePluginTests.swift in Sources */ = {isa = PBXBuildFile; fileRef = OBJ_72 /* ExecutablePluginTests.swift */; };
		OBJ_182 /* FileNameTests.swift in Sources */ = {isa = PBXBuildFile; fileRef = OBJ_73 /* FileNameTests.swift */; };
		OBJ_183 /* Font.swift in Sources */ = {isa = PBXBuildFile; fileRef = OBJ_74 /* Font.swift */; };
		OBJ_184 /* FontTests.swift in Sources */ = {isa = PBXBuildFile; fileRef = OBJ_75 /* FontTests.swift */; };
		OBJ_185 /* Helper.swift in Sources */ = {isa = PBXBuildFile; fileRef = OBJ_76 /* Helper.swift */; };
		OBJ_186 /* Href.swift in Sources */ = {isa = PBXBuildFile; fileRef = OBJ_77 /* Href.swift */; };
		OBJ_187 /* HrefTests.swift in Sources */ = {isa = PBXBuildFile; fileRef = OBJ_78 /* HrefTests.swift */; };
		OBJ_188 /* Image.swift in Sources */ = {isa = PBXBuildFile; fileRef = OBJ_79 /* Image.swift */; };
		OBJ_189 /* ImageTests.swift in Sources */ = {isa = PBXBuildFile; fileRef = OBJ_80 /* ImageTests.swift */; };
		OBJ_190 /* Length.swift in Sources */ = {isa = PBXBuildFile; fileRef = OBJ_81 /* Length.swift */; };
		OBJ_191 /* LengthTests.swift in Sources */ = {isa = PBXBuildFile; fileRef = OBJ_82 /* LengthTests.swift */; };
		OBJ_192 /* Menu.swift in Sources */ = {isa = PBXBuildFile; fileRef = OBJ_83 /* Menu.swift */; };
		OBJ_193 /* MenuTests.swift in Sources */ = {isa = PBXBuildFile; fileRef = OBJ_84 /* MenuTests.swift */; };
		OBJ_194 /* MutableTests.swift in Sources */ = {isa = PBXBuildFile; fileRef = OBJ_85 /* MutableTests.swift */; };
		OBJ_195 /* NamedParam.swift in Sources */ = {isa = PBXBuildFile; fileRef = OBJ_86 /* NamedParam.swift */; };
		OBJ_196 /* NamedParamTests.swift in Sources */ = {isa = PBXBuildFile; fileRef = OBJ_87 /* NamedParamTests.swift */; };
		OBJ_197 /* Output.swift in Sources */ = {isa = PBXBuildFile; fileRef = OBJ_88 /* Output.swift */; };
		OBJ_198 /* OutputTests.swift in Sources */ = {isa = PBXBuildFile; fileRef = OBJ_89 /* OutputTests.swift */; };
		OBJ_199 /* ParserTests.swift in Sources */ = {isa = PBXBuildFile; fileRef = OBJ_90 /* ParserTests.swift */; };
		OBJ_200 /* PropertyTests.swift in Sources */ = {isa = PBXBuildFile; fileRef = OBJ_91 /* PropertyTests.swift */; };
		OBJ_201 /* Refresh.swift in Sources */ = {isa = PBXBuildFile; fileRef = OBJ_92 /* Refresh.swift */; };
		OBJ_202 /* ScriptTests.swift in Sources */ = {isa = PBXBuildFile; fileRef = OBJ_93 /* ScriptTests.swift */; };
		OBJ_203 /* Size.swift in Sources */ = {isa = PBXBuildFile; fileRef = OBJ_94 /* Size.swift */; };
		OBJ_204 /* SizeTests.swift in Sources */ = {isa = PBXBuildFile; fileRef = OBJ_95 /* SizeTests.swift */; };
		OBJ_205 /* SubMenuTests.swift in Sources */ = {isa = PBXBuildFile; fileRef = OBJ_96 /* SubMenuTests.swift */; };
		OBJ_206 /* TemplateImage.swift in Sources */ = {isa = PBXBuildFile; fileRef = OBJ_97 /* TemplateImage.swift */; };
		OBJ_207 /* Terminal.swift in Sources */ = {isa = PBXBuildFile; fileRef = OBJ_98 /* Terminal.swift */; };
		OBJ_208 /* Title.swift in Sources */ = {isa = PBXBuildFile; fileRef = OBJ_99 /* Title.swift */; };
		OBJ_209 /* TitleTests.swift in Sources */ = {isa = PBXBuildFile; fileRef = OBJ_100 /* TitleTests.swift */; };
		OBJ_210 /* Trim.swift in Sources */ = {isa = PBXBuildFile; fileRef = OBJ_101 /* Trim.swift */; };
		OBJ_212 /* BitBar.framework in Frameworks */ = {isa = PBXBuildFile; fileRef = OBJ_106 /* BitBar.framework */; };
/* End PBXBuildFile section */

/* Begin PBXContainerItemProxy section */
		2072960C1E9C693000DBA952 /* PBXContainerItemProxy */ = {
			isa = PBXContainerItemProxy;
			containerPortal = OBJ_1 /* Project object */;
			proxyType = 1;
			remoteGlobalIDString = OBJ_108;
			remoteInfo = BitBar;
		};
/* End PBXContainerItemProxy section */

/* Begin PBXFileReference section */
		203314471E9E3D0200EB5D02 /* ansi.10m.sh */ = {isa = PBXFileReference; fileEncoding = 4; lastKnownFileType = text.script.sh; name = ansi.10m.sh; path = Resources/Scripts/ansi.10m.sh; sourceTree = "<group>"; };
		203314481E9E3D0200EB5D02 /* args.sh */ = {isa = PBXFileReference; fileEncoding = 4; lastKnownFileType = text.script.sh; name = args.sh; path = Resources/Scripts/args.sh; sourceTree = "<group>"; };
		203314491E9E3D0200EB5D02 /* basic.sh */ = {isa = PBXFileReference; fileEncoding = 4; lastKnownFileType = text.script.sh; name = basic.sh; path = Resources/Scripts/basic.sh; sourceTree = "<group>"; };
		2033144A1E9E3D0200EB5D02 /* complex.sh */ = {isa = PBXFileReference; fileEncoding = 4; lastKnownFileType = text.script.sh; name = complex.sh; path = Resources/Scripts/complex.sh; sourceTree = "<group>"; };
		2033144B1E9E3D0200EB5D02 /* exit1-no-output.sh */ = {isa = PBXFileReference; fileEncoding = 4; lastKnownFileType = text.script.sh; name = "exit1-no-output.sh"; path = "Resources/Scripts/exit1-no-output.sh"; sourceTree = "<group>"; };
		2033144C1E9E3D0200EB5D02 /* exit1-output.sh */ = {isa = PBXFileReference; fileEncoding = 4; lastKnownFileType = text.script.sh; name = "exit1-output.sh"; path = "Resources/Scripts/exit1-output.sh"; sourceTree = "<group>"; };
		2033144D1E9E3D0200EB5D02 /* invalid-syntax.sh */ = {isa = PBXFileReference; fileEncoding = 4; lastKnownFileType = text.script.sh; name = "invalid-syntax.sh"; path = "Resources/Scripts/invalid-syntax.sh"; sourceTree = "<group>"; };
		2033144E1E9E3D0200EB5D02 /* missing-sh-bin.10m.sh */ = {isa = PBXFileReference; fileEncoding = 4; lastKnownFileType = text.script.sh; name = "missing-sh-bin.10m.sh"; path = "Resources/Scripts/missing-sh-bin.10m.sh"; sourceTree = "<group>"; };
		2033144F1E9E3D0200EB5D02 /* nonexec.sh */ = {isa = PBXFileReference; fileEncoding = 4; lastKnownFileType = text.script.sh; name = nonexec.sh; path = Resources/Scripts/nonexec.sh; sourceTree = "<group>"; };
		203314501E9E3D0200EB5D02 /* sleep.sh */ = {isa = PBXFileReference; fileEncoding = 4; lastKnownFileType = text.script.sh; name = sleep.sh; path = Resources/Scripts/sleep.sh; sourceTree = "<group>"; };
		203314511E9E3D0200EB5D02 /* space script.sh */ = {isa = PBXFileReference; fileEncoding = 4; lastKnownFileType = text.script.sh; name = "space script.sh"; path = "Resources/Scripts/space script.sh"; sourceTree = "<group>"; };
		203314521E9E3D0200EB5D02 /* stream-more.sh */ = {isa = PBXFileReference; fileEncoding = 4; lastKnownFileType = text.script.sh; name = "stream-more.sh"; path = "Resources/Scripts/stream-more.sh"; sourceTree = "<group>"; };
		203314531E9E3D0200EB5D02 /* stream-nomore.sh */ = {isa = PBXFileReference; fileEncoding = 4; lastKnownFileType = text.script.sh; name = "stream-nomore.sh"; path = "Resources/Scripts/stream-nomore.sh"; sourceTree = "<group>"; };
		203314541E9E3D0200EB5D02 /* stream-nothing.sh */ = {isa = PBXFileReference; fileEncoding = 4; lastKnownFileType = text.script.sh; name = "stream-nothing.sh"; path = "Resources/Scripts/stream-nothing.sh"; sourceTree = "<group>"; };
		203314551E9E3D0200EB5D02 /* stream-sleep.sh */ = {isa = PBXFileReference; fileEncoding = 4; lastKnownFileType = text.script.sh; name = "stream-sleep.sh"; path = "Resources/Scripts/stream-sleep.sh"; sourceTree = "<group>"; };
		203314561E9E3D0200EB5D02 /* sub.10s.sh */ = {isa = PBXFileReference; fileEncoding = 4; lastKnownFileType = text.script.sh; name = sub.10s.sh; path = Resources/Scripts/sub.10s.sh; sourceTree = "<group>"; };
		203314571E9E3D0200EB5D02 /* sub2.10s.sh */ = {isa = PBXFileReference; fileEncoding = 4; lastKnownFileType = text.script.sh; name = sub2.10s.sh; path = Resources/Scripts/sub2.10s.sh; sourceTree = "<group>"; };
		203314581E9E3D0200EB5D02 /* sub3.10s.sh */ = {isa = PBXFileReference; fileEncoding = 4; lastKnownFileType = text.script.sh; name = sub3.10s.sh; path = Resources/Scripts/sub3.10s.sh; sourceTree = "<group>"; };
		286BBABB60B4E99C44DBF287 /* Pods-BitBar.debug.xcconfig */ = {isa = PBXFileReference; includeInIndex = 1; lastKnownFileType = text.xcconfig; name = "Pods-BitBar.debug.xcconfig"; path = "Pods/Target Support Files/Pods-BitBar/Pods-BitBar.debug.xcconfig"; sourceTree = "<group>"; };
		54B067BF2DCE480EF6A560FC /* Pods-BitBarTests.release.xcconfig */ = {isa = PBXFileReference; includeInIndex = 1; lastKnownFileType = text.xcconfig; name = "Pods-BitBarTests.release.xcconfig"; path = "Pods/Target Support Files/Pods-BitBarTests/Pods-BitBarTests.release.xcconfig"; sourceTree = "<group>"; };
		77E5B8E0D751F1407724C694 /* Pods_BitBarTests.framework */ = {isa = PBXFileReference; explicitFileType = wrapper.framework; includeInIndex = 0; path = Pods_BitBarTests.framework; sourceTree = BUILT_PRODUCTS_DIR; };
		8607597A0E2D5FA7D2ED63F1 /* Pods-BitBar.release.xcconfig */ = {isa = PBXFileReference; includeInIndex = 1; lastKnownFileType = text.xcconfig; name = "Pods-BitBar.release.xcconfig"; path = "Pods/Target Support Files/Pods-BitBar/Pods-BitBar.release.xcconfig"; sourceTree = "<group>"; };
		8A13B21F57F082F515495A04 /* Pods-BitBarTests.debug.xcconfig */ = {isa = PBXFileReference; includeInIndex = 1; lastKnownFileType = text.xcconfig; name = "Pods-BitBarTests.debug.xcconfig"; path = "Pods/Target Support Files/Pods-BitBarTests/Pods-BitBarTests.debug.xcconfig"; sourceTree = "<group>"; };
		9231B3B87902775D9BFD65C0 /* Pods_BitBar.framework */ = {isa = PBXFileReference; explicitFileType = wrapper.framework; includeInIndex = 0; path = Pods_BitBar.framework; sourceTree = BUILT_PRODUCTS_DIR; };
		OBJ_10 /* App.swift */ = {isa = PBXFileReference; lastKnownFileType = sourcecode.swift; path = App.swift; sourceTree = "<group>"; };
		OBJ_100 /* TitleTests.swift */ = {isa = PBXFileReference; lastKnownFileType = sourcecode.swift; path = TitleTests.swift; sourceTree = "<group>"; };
		OBJ_101 /* Trim.swift */ = {isa = PBXFileReference; lastKnownFileType = sourcecode.swift; path = Trim.swift; sourceTree = "<group>"; };
		OBJ_106 /* BitBar.framework */ = {isa = PBXFileReference; explicitFileType = wrapper.framework; path = BitBar.framework; sourceTree = BUILT_PRODUCTS_DIR; };
		OBJ_107 /* BitBarTests.xctest */ = {isa = PBXFileReference; explicitFileType = wrapper.cfbundle; path = BitBarTests.xctest; sourceTree = BUILT_PRODUCTS_DIR; };
		OBJ_11 /* AppDelegate.swift */ = {isa = PBXFileReference; lastKnownFileType = sourcecode.swift; path = AppDelegate.swift; sourceTree = "<group>"; };
		OBJ_12 /* Array.swift */ = {isa = PBXFileReference; lastKnownFileType = sourcecode.swift; path = Array.swift; sourceTree = "<group>"; };
		OBJ_13 /* Autostart.swift */ = {isa = PBXFileReference; lastKnownFileType = sourcecode.swift; path = Autostart.swift; sourceTree = "<group>"; };
		OBJ_14 /* Base.swift */ = {isa = PBXFileReference; lastKnownFileType = sourcecode.swift; path = Base.swift; sourceTree = "<group>"; };
		OBJ_15 /* Bash.swift */ = {isa = PBXFileReference; lastKnownFileType = sourcecode.swift; path = Bash.swift; sourceTree = "<group>"; };
		OBJ_16 /* Buffer.swift */ = {isa = PBXFileReference; lastKnownFileType = sourcecode.swift; path = Buffer.swift; sourceTree = "<group>"; };
		OBJ_17 /* Checked.swift */ = {isa = PBXFileReference; lastKnownFileType = sourcecode.swift; path = Checked.swift; sourceTree = "<group>"; };
		OBJ_18 /* Color.swift */ = {isa = PBXFileReference; lastKnownFileType = sourcecode.swift; path = Color.swift; sourceTree = "<group>"; };
		OBJ_19 /* Container.swift */ = {isa = PBXFileReference; lastKnownFileType = sourcecode.swift; path = Container.swift; sourceTree = "<group>"; };
		OBJ_20 /* DefaultsKeys.swift */ = {isa = PBXFileReference; lastKnownFileType = sourcecode.swift; path = DefaultsKeys.swift; sourceTree = "<group>"; };
		OBJ_21 /* Dropdown.swift */ = {isa = PBXFileReference; lastKnownFileType = sourcecode.swift; path = Dropdown.swift; sourceTree = "<group>"; };
		OBJ_22 /* Emojize.swift */ = {isa = PBXFileReference; lastKnownFileType = sourcecode.swift; path = Emojize.swift; sourceTree = "<group>"; };
		OBJ_23 /* ExecutablePlugin.swift */ = {isa = PBXFileReference; lastKnownFileType = sourcecode.swift; path = ExecutablePlugin.swift; sourceTree = "<group>"; };
		OBJ_24 /* File.swift */ = {isa = PBXFileReference; lastKnownFileType = sourcecode.swift; path = File.swift; sourceTree = "<group>"; };
		OBJ_25 /* Font.swift */ = {isa = PBXFileReference; lastKnownFileType = sourcecode.swift; path = Font.swift; sourceTree = "<group>"; };
		OBJ_26 /* Href.swift */ = {isa = PBXFileReference; lastKnownFileType = sourcecode.swift; path = Href.swift; sourceTree = "<group>"; };
		OBJ_27 /* Image.swift */ = {isa = PBXFileReference; lastKnownFileType = sourcecode.swift; path = Image.swift; sourceTree = "<group>"; };
		OBJ_28 /* ItemBase.swift */ = {isa = PBXFileReference; lastKnownFileType = sourcecode.swift; path = ItemBase.swift; sourceTree = "<group>"; };
		OBJ_29 /* ItemBaseDelegate.swift */ = {isa = PBXFileReference; lastKnownFileType = sourcecode.swift; path = ItemBaseDelegate.swift; sourceTree = "<group>"; };
		OBJ_30 /* Length.swift */ = {isa = PBXFileReference; lastKnownFileType = sourcecode.swift; path = Length.swift; sourceTree = "<group>"; };
		OBJ_31 /* Listen.swift */ = {isa = PBXFileReference; lastKnownFileType = sourcecode.swift; path = Listen.swift; sourceTree = "<group>"; };
		OBJ_32 /* Menu.swift */ = {isa = PBXFileReference; lastKnownFileType = sourcecode.swift; path = Menu.swift; sourceTree = "<group>"; };
		OBJ_33 /* Menuable.swift */ = {isa = PBXFileReference; lastKnownFileType = sourcecode.swift; path = Menuable.swift; sourceTree = "<group>"; };
		OBJ_34 /* NamedParam.swift */ = {isa = PBXFileReference; lastKnownFileType = sourcecode.swift; path = NamedParam.swift; sourceTree = "<group>"; };
		OBJ_35 /* NSAttributedString.swift */ = {isa = PBXFileReference; lastKnownFileType = sourcecode.swift; path = NSAttributedString.swift; sourceTree = "<group>"; };
		OBJ_36 /* NSFont.swift */ = {isa = PBXFileReference; lastKnownFileType = sourcecode.swift; path = NSFont.swift; sourceTree = "<group>"; };
		OBJ_37 /* NSMutableAttributedString.swift */ = {isa = PBXFileReference; lastKnownFileType = sourcecode.swift; path = NSMutableAttributedString.swift; sourceTree = "<group>"; };
		OBJ_38 /* Output.swift */ = {isa = PBXFileReference; lastKnownFileType = sourcecode.swift; path = Output.swift; sourceTree = "<group>"; };
		OBJ_39 /* Param.swift */ = {isa = PBXFileReference; lastKnownFileType = sourcecode.swift; path = Param.swift; sourceTree = "<group>"; };
		OBJ_40 /* Parser.swift */ = {isa = PBXFileReference; lastKnownFileType = sourcecode.swift; path = Parser.swift; sourceTree = "<group>"; };
		OBJ_41 /* PathSelector.swift */ = {isa = PBXFileReference; lastKnownFileType = sourcecode.swift; path = PathSelector.swift; sourceTree = "<group>"; };
		OBJ_42 /* Plugin.swift */ = {isa = PBXFileReference; lastKnownFileType = sourcecode.swift; path = Plugin.swift; sourceTree = "<group>"; };
		OBJ_43 /* PluginManager.swift */ = {isa = PBXFileReference; lastKnownFileType = sourcecode.swift; path = PluginManager.swift; sourceTree = "<group>"; };
		OBJ_44 /* PrefItem.swift */ = {isa = PBXFileReference; lastKnownFileType = sourcecode.swift; path = PrefItem.swift; sourceTree = "<group>"; };
		OBJ_45 /* Refresh.swift */ = {isa = PBXFileReference; lastKnownFileType = sourcecode.swift; path = Refresh.swift; sourceTree = "<group>"; };
		OBJ_46 /* Result.swift */ = {isa = PBXFileReference; lastKnownFileType = sourcecode.swift; path = Result.swift; sourceTree = "<group>"; };
		OBJ_47 /* Script.swift */ = {isa = PBXFileReference; lastKnownFileType = sourcecode.swift; path = Script.swift; sourceTree = "<group>"; };
		OBJ_48 /* ScriptDelegate.swift */ = {isa = PBXFileReference; lastKnownFileType = sourcecode.swift; path = ScriptDelegate.swift; sourceTree = "<group>"; };
		OBJ_49 /* Size.swift */ = {isa = PBXFileReference; lastKnownFileType = sourcecode.swift; path = Size.swift; sourceTree = "<group>"; };
		OBJ_50 /* String.swift */ = {isa = PBXFileReference; lastKnownFileType = sourcecode.swift; path = String.swift; sourceTree = "<group>"; };
		OBJ_51 /* TemplateImage.swift */ = {isa = PBXFileReference; lastKnownFileType = sourcecode.swift; path = TemplateImage.swift; sourceTree = "<group>"; };
		OBJ_52 /* Terminal.swift */ = {isa = PBXFileReference; lastKnownFileType = sourcecode.swift; path = Terminal.swift; sourceTree = "<group>"; };
		OBJ_53 /* Title.swift */ = {isa = PBXFileReference; lastKnownFileType = sourcecode.swift; path = Title.swift; sourceTree = "<group>"; };
		OBJ_54 /* Tray.swift */ = {isa = PBXFileReference; lastKnownFileType = sourcecode.swift; path = Tray.swift; sourceTree = "<group>"; };
		OBJ_55 /* Trim.swift */ = {isa = PBXFileReference; lastKnownFileType = sourcecode.swift; path = Trim.swift; sourceTree = "<group>"; };
		OBJ_56 /* UpdatedAgoItem.swift */ = {isa = PBXFileReference; lastKnownFileType = sourcecode.swift; path = UpdatedAgoItem.swift; sourceTree = "<group>"; };
		OBJ_57 /* Updater.swift */ = {isa = PBXFileReference; lastKnownFileType = sourcecode.swift; path = Updater.swift; sourceTree = "<group>"; };
		OBJ_6 /* Package.swift */ = {isa = PBXFileReference; explicitFileType = sourcecode.swift; path = Package.swift; sourceTree = "<group>"; };
		OBJ_60 /* Alternate.swift */ = {isa = PBXFileReference; lastKnownFileType = sourcecode.swift; path = Alternate.swift; sourceTree = "<group>"; };
		OBJ_61 /* Ansi.swift */ = {isa = PBXFileReference; lastKnownFileType = sourcecode.swift; path = Ansi.swift; sourceTree = "<group>"; };
		OBJ_62 /* AnsiTests.swift */ = {isa = PBXFileReference; lastKnownFileType = sourcecode.swift; path = AnsiTests.swift; sourceTree = "<group>"; };
		OBJ_63 /* Bash.swift */ = {isa = PBXFileReference; lastKnownFileType = sourcecode.swift; path = Bash.swift; sourceTree = "<group>"; };
		OBJ_64 /* BashTests.swift */ = {isa = PBXFileReference; lastKnownFileType = sourcecode.swift; path = BashTests.swift; sourceTree = "<group>"; };
		OBJ_65 /* BufferTests.swift */ = {isa = PBXFileReference; lastKnownFileType = sourcecode.swift; path = BufferTests.swift; sourceTree = "<group>"; };
		OBJ_66 /* Color.swift */ = {isa = PBXFileReference; lastKnownFileType = sourcecode.swift; path = Color.swift; sourceTree = "<group>"; };
		OBJ_67 /* ColorTests.swift */ = {isa = PBXFileReference; lastKnownFileType = sourcecode.swift; path = ColorTests.swift; sourceTree = "<group>"; };
		OBJ_68 /* Container.swift */ = {isa = PBXFileReference; lastKnownFileType = sourcecode.swift; path = Container.swift; sourceTree = "<group>"; };
		OBJ_69 /* ContainerTests.swift */ = {isa = PBXFileReference; lastKnownFileType = sourcecode.swift; path = ContainerTests.swift; sourceTree = "<group>"; };
		OBJ_70 /* Dropdown.swift */ = {isa = PBXFileReference; lastKnownFileType = sourcecode.swift; path = Dropdown.swift; sourceTree = "<group>"; };
		OBJ_71 /* Emojize.swift */ = {isa = PBXFileReference; lastKnownFileType = sourcecode.swift; path = Emojize.swift; sourceTree = "<group>"; };
		OBJ_72 /* ExecutablePluginTests.swift */ = {isa = PBXFileReference; lastKnownFileType = sourcecode.swift; path = ExecutablePluginTests.swift; sourceTree = "<group>"; };
		OBJ_73 /* FileNameTests.swift */ = {isa = PBXFileReference; lastKnownFileType = sourcecode.swift; path = FileNameTests.swift; sourceTree = "<group>"; };
		OBJ_74 /* Font.swift */ = {isa = PBXFileReference; lastKnownFileType = sourcecode.swift; path = Font.swift; sourceTree = "<group>"; };
		OBJ_75 /* FontTests.swift */ = {isa = PBXFileReference; lastKnownFileType = sourcecode.swift; path = FontTests.swift; sourceTree = "<group>"; };
		OBJ_76 /* Helper.swift */ = {isa = PBXFileReference; lastKnownFileType = sourcecode.swift; path = Helper.swift; sourceTree = "<group>"; };
		OBJ_77 /* Href.swift */ = {isa = PBXFileReference; lastKnownFileType = sourcecode.swift; path = Href.swift; sourceTree = "<group>"; };
		OBJ_78 /* HrefTests.swift */ = {isa = PBXFileReference; lastKnownFileType = sourcecode.swift; path = HrefTests.swift; sourceTree = "<group>"; };
		OBJ_79 /* Image.swift */ = {isa = PBXFileReference; lastKnownFileType = sourcecode.swift; path = Image.swift; sourceTree = "<group>"; };
		OBJ_8 /* Alternate.swift */ = {isa = PBXFileReference; lastKnownFileType = sourcecode.swift; path = Alternate.swift; sourceTree = "<group>"; };
		OBJ_80 /* ImageTests.swift */ = {isa = PBXFileReference; lastKnownFileType = sourcecode.swift; path = ImageTests.swift; sourceTree = "<group>"; };
		OBJ_81 /* Length.swift */ = {isa = PBXFileReference; lastKnownFileType = sourcecode.swift; path = Length.swift; sourceTree = "<group>"; };
		OBJ_82 /* LengthTests.swift */ = {isa = PBXFileReference; lastKnownFileType = sourcecode.swift; path = LengthTests.swift; sourceTree = "<group>"; };
		OBJ_83 /* Menu.swift */ = {isa = PBXFileReference; lastKnownFileType = sourcecode.swift; path = Menu.swift; sourceTree = "<group>"; };
		OBJ_84 /* MenuTests.swift */ = {isa = PBXFileReference; lastKnownFileType = sourcecode.swift; path = MenuTests.swift; sourceTree = "<group>"; };
		OBJ_85 /* MutableTests.swift */ = {isa = PBXFileReference; lastKnownFileType = sourcecode.swift; path = MutableTests.swift; sourceTree = "<group>"; };
		OBJ_86 /* NamedParam.swift */ = {isa = PBXFileReference; lastKnownFileType = sourcecode.swift; path = NamedParam.swift; sourceTree = "<group>"; };
		OBJ_87 /* NamedParamTests.swift */ = {isa = PBXFileReference; lastKnownFileType = sourcecode.swift; path = NamedParamTests.swift; sourceTree = "<group>"; };
		OBJ_88 /* Output.swift */ = {isa = PBXFileReference; lastKnownFileType = sourcecode.swift; path = Output.swift; sourceTree = "<group>"; };
		OBJ_89 /* OutputTests.swift */ = {isa = PBXFileReference; lastKnownFileType = sourcecode.swift; path = OutputTests.swift; sourceTree = "<group>"; };
		OBJ_9 /* Ansi.swift */ = {isa = PBXFileReference; lastKnownFileType = sourcecode.swift; path = Ansi.swift; sourceTree = "<group>"; };
		OBJ_90 /* ParserTests.swift */ = {isa = PBXFileReference; lastKnownFileType = sourcecode.swift; path = ParserTests.swift; sourceTree = "<group>"; };
		OBJ_91 /* PropertyTests.swift */ = {isa = PBXFileReference; lastKnownFileType = sourcecode.swift; path = PropertyTests.swift; sourceTree = "<group>"; };
		OBJ_92 /* Refresh.swift */ = {isa = PBXFileReference; lastKnownFileType = sourcecode.swift; path = Refresh.swift; sourceTree = "<group>"; };
		OBJ_93 /* ScriptTests.swift */ = {isa = PBXFileReference; lastKnownFileType = sourcecode.swift; path = ScriptTests.swift; sourceTree = "<group>"; };
		OBJ_94 /* Size.swift */ = {isa = PBXFileReference; lastKnownFileType = sourcecode.swift; path = Size.swift; sourceTree = "<group>"; };
		OBJ_95 /* SizeTests.swift */ = {isa = PBXFileReference; lastKnownFileType = sourcecode.swift; path = SizeTests.swift; sourceTree = "<group>"; };
		OBJ_96 /* SubMenuTests.swift */ = {isa = PBXFileReference; lastKnownFileType = sourcecode.swift; path = SubMenuTests.swift; sourceTree = "<group>"; };
		OBJ_97 /* TemplateImage.swift */ = {isa = PBXFileReference; lastKnownFileType = sourcecode.swift; path = TemplateImage.swift; sourceTree = "<group>"; };
		OBJ_98 /* Terminal.swift */ = {isa = PBXFileReference; lastKnownFileType = sourcecode.swift; path = Terminal.swift; sourceTree = "<group>"; };
		OBJ_99 /* Title.swift */ = {isa = PBXFileReference; lastKnownFileType = sourcecode.swift; path = Title.swift; sourceTree = "<group>"; };
/* End PBXFileReference section */

/* Begin PBXFrameworksBuildPhase section */
		OBJ_163 /* Frameworks */ = {
			isa = PBXFrameworksBuildPhase;
			buildActionMask = 0;
			files = (
				31C7B24AE0A739E9D9F4855C /* Pods_BitBar.framework in Frameworks */,
			);
			runOnlyForDeploymentPostprocessing = 0;
		};
		OBJ_211 /* Frameworks */ = {
			isa = PBXFrameworksBuildPhase;
			buildActionMask = 0;
			files = (
				OBJ_212 /* BitBar.framework in Frameworks */,
				79EBCBB71EF86ABAEDF4B791 /* Pods_BitBarTests.framework in Frameworks */,
			);
			runOnlyForDeploymentPostprocessing = 0;
		};
/* End PBXFrameworksBuildPhase section */

/* Begin PBXGroup section */
		203314461E9E3CCD00EB5D02 /* Scripts */ = {
			isa = PBXGroup;
			children = (
				203314471E9E3D0200EB5D02 /* ansi.10m.sh */,
				203314481E9E3D0200EB5D02 /* args.sh */,
				203314491E9E3D0200EB5D02 /* basic.sh */,
				2033144A1E9E3D0200EB5D02 /* complex.sh */,
				2033144B1E9E3D0200EB5D02 /* exit1-no-output.sh */,
				2033144C1E9E3D0200EB5D02 /* exit1-output.sh */,
				2033144D1E9E3D0200EB5D02 /* invalid-syntax.sh */,
				2033144E1E9E3D0200EB5D02 /* missing-sh-bin.10m.sh */,
				2033144F1E9E3D0200EB5D02 /* nonexec.sh */,
				203314501E9E3D0200EB5D02 /* sleep.sh */,
				203314511E9E3D0200EB5D02 /* space script.sh */,
				203314521E9E3D0200EB5D02 /* stream-more.sh */,
				203314531E9E3D0200EB5D02 /* stream-nomore.sh */,
				203314541E9E3D0200EB5D02 /* stream-nothing.sh */,
				203314551E9E3D0200EB5D02 /* stream-sleep.sh */,
				203314561E9E3D0200EB5D02 /* sub.10s.sh */,
				203314571E9E3D0200EB5D02 /* sub2.10s.sh */,
				203314581E9E3D0200EB5D02 /* sub3.10s.sh */,
			);
			name = Scripts;
			sourceTree = "<group>";
		};
		2AFF78844B67DA24981E700B /* Frameworks */ = {
			isa = PBXGroup;
			children = (
				9231B3B87902775D9BFD65C0 /* Pods_BitBar.framework */,
				77E5B8E0D751F1407724C694 /* Pods_BitBarTests.framework */,
			);
			name = Frameworks;
			sourceTree = "<group>";
		};
		B7FC508094FB047C0C98484C /* Pods */ = {
			isa = PBXGroup;
			children = (
				286BBABB60B4E99C44DBF287 /* Pods-BitBar.debug.xcconfig */,
				8607597A0E2D5FA7D2ED63F1 /* Pods-BitBar.release.xcconfig */,
				8A13B21F57F082F515495A04 /* Pods-BitBarTests.debug.xcconfig */,
				54B067BF2DCE480EF6A560FC /* Pods-BitBarTests.release.xcconfig */,
			);
			name = Pods;
			sourceTree = "<group>";
		};
		OBJ_105 /* Products */ = {
			isa = PBXGroup;
			children = (
				OBJ_106 /* BitBar.framework */,
				OBJ_107 /* BitBarTests.xctest */,
			);
			name = Products;
			sourceTree = BUILT_PRODUCTS_DIR;
		};
		OBJ_5 = {
			isa = PBXGroup;
			children = (
				OBJ_6 /* Package.swift */,
				OBJ_7 /* Sources */,
				OBJ_58 /* Tests */,
				OBJ_105 /* Products */,
				B7FC508094FB047C0C98484C /* Pods */,
				2AFF78844B67DA24981E700B /* Frameworks */,
			);
			sourceTree = "<group>";
		};
		OBJ_58 /* Tests */ = {
			isa = PBXGroup;
			children = (
				203314461E9E3CCD00EB5D02 /* Scripts */,
				OBJ_59 /* BitBarTests */,
			);
			name = Tests;
			sourceTree = SOURCE_ROOT;
		};
		OBJ_59 /* BitBarTests */ = {
			isa = PBXGroup;
			children = (
				OBJ_60 /* Alternate.swift */,
				OBJ_61 /* Ansi.swift */,
				OBJ_62 /* AnsiTests.swift */,
				OBJ_63 /* Bash.swift */,
				OBJ_64 /* BashTests.swift */,
				OBJ_65 /* BufferTests.swift */,
				OBJ_66 /* Color.swift */,
				OBJ_67 /* ColorTests.swift */,
				OBJ_68 /* Container.swift */,
				OBJ_69 /* ContainerTests.swift */,
				OBJ_70 /* Dropdown.swift */,
				OBJ_71 /* Emojize.swift */,
				OBJ_72 /* ExecutablePluginTests.swift */,
				OBJ_73 /* FileNameTests.swift */,
				OBJ_74 /* Font.swift */,
				OBJ_75 /* FontTests.swift */,
				OBJ_76 /* Helper.swift */,
				OBJ_77 /* Href.swift */,
				OBJ_78 /* HrefTests.swift */,
				OBJ_79 /* Image.swift */,
				OBJ_80 /* ImageTests.swift */,
				OBJ_81 /* Length.swift */,
				OBJ_82 /* LengthTests.swift */,
				OBJ_83 /* Menu.swift */,
				OBJ_84 /* MenuTests.swift */,
				OBJ_85 /* MutableTests.swift */,
				OBJ_86 /* NamedParam.swift */,
				OBJ_87 /* NamedParamTests.swift */,
				OBJ_88 /* Output.swift */,
				OBJ_89 /* OutputTests.swift */,
				OBJ_90 /* ParserTests.swift */,
				OBJ_91 /* PropertyTests.swift */,
				OBJ_92 /* Refresh.swift */,
				OBJ_93 /* ScriptTests.swift */,
				OBJ_94 /* Size.swift */,
				OBJ_95 /* SizeTests.swift */,
				OBJ_96 /* SubMenuTests.swift */,
				OBJ_97 /* TemplateImage.swift */,
				OBJ_98 /* Terminal.swift */,
				OBJ_99 /* Title.swift */,
				OBJ_100 /* TitleTests.swift */,
				OBJ_101 /* Trim.swift */,
			);
			name = BitBarTests;
			path = Tests/BitBarTests;
			sourceTree = SOURCE_ROOT;
		};
		OBJ_7 /* Sources */ = {
			isa = PBXGroup;
			children = (
				OBJ_8 /* Alternate.swift */,
				OBJ_9 /* Ansi.swift */,
				OBJ_10 /* App.swift */,
				OBJ_11 /* AppDelegate.swift */,
				OBJ_12 /* Array.swift */,
				OBJ_13 /* Autostart.swift */,
				OBJ_14 /* Base.swift */,
				OBJ_15 /* Bash.swift */,
				OBJ_16 /* Buffer.swift */,
				OBJ_17 /* Checked.swift */,
				OBJ_18 /* Color.swift */,
				OBJ_19 /* Container.swift */,
				OBJ_20 /* DefaultsKeys.swift */,
				OBJ_21 /* Dropdown.swift */,
				OBJ_22 /* Emojize.swift */,
				OBJ_23 /* ExecutablePlugin.swift */,
				OBJ_24 /* File.swift */,
				OBJ_25 /* Font.swift */,
				OBJ_26 /* Href.swift */,
				OBJ_27 /* Image.swift */,
				OBJ_28 /* ItemBase.swift */,
				OBJ_29 /* ItemBaseDelegate.swift */,
				OBJ_30 /* Length.swift */,
				OBJ_31 /* Listen.swift */,
				OBJ_32 /* Menu.swift */,
				OBJ_33 /* Menuable.swift */,
				OBJ_34 /* NamedParam.swift */,
				OBJ_35 /* NSAttributedString.swift */,
				OBJ_36 /* NSFont.swift */,
				OBJ_37 /* NSMutableAttributedString.swift */,
				OBJ_38 /* Output.swift */,
				OBJ_39 /* Param.swift */,
				OBJ_40 /* Parser.swift */,
				OBJ_41 /* PathSelector.swift */,
				OBJ_42 /* Plugin.swift */,
				OBJ_43 /* PluginManager.swift */,
				OBJ_44 /* PrefItem.swift */,
				OBJ_45 /* Refresh.swift */,
				OBJ_46 /* Result.swift */,
				OBJ_47 /* Script.swift */,
				OBJ_48 /* ScriptDelegate.swift */,
				OBJ_49 /* Size.swift */,
				OBJ_50 /* String.swift */,
				OBJ_51 /* TemplateImage.swift */,
				OBJ_52 /* Terminal.swift */,
				OBJ_53 /* Title.swift */,
				OBJ_54 /* Tray.swift */,
				OBJ_55 /* Trim.swift */,
				OBJ_56 /* UpdatedAgoItem.swift */,
				OBJ_57 /* Updater.swift */,
			);
			name = Sources;
			path = Source;
			sourceTree = SOURCE_ROOT;
		};
/* End PBXGroup section */

/* Begin PBXNativeTarget section */
		OBJ_108 /* BitBar */ = {
			isa = PBXNativeTarget;
			buildConfigurationList = OBJ_109 /* Build configuration list for PBXNativeTarget "BitBar" */;
			buildPhases = (
				99AAC46FBA9D8E7538177BB7 /* [CP] Check Pods Manifest.lock */,
				OBJ_112 /* Sources */,
				OBJ_163 /* Frameworks */,
				1611DAF65F582ED36997DB0E /* [CP] Copy Pods Resources */,
				2055776A1E9CC32900DC13D8 /* Resources */,
			);
			buildRules = (
			);
			dependencies = (
			);
			name = BitBar;
			productName = BitBar;
			productReference = OBJ_106 /* BitBar.framework */;
			productType = "com.apple.product-type.framework";
		};
		OBJ_164 /* BitBarTests */ = {
			isa = PBXNativeTarget;
			buildConfigurationList = OBJ_165 /* Build configuration list for PBXNativeTarget "BitBarTests" */;
			buildPhases = (
				9C23B8CCAD76DEC80D49E7FC /* [CP] Check Pods Manifest.lock */,
				OBJ_168 /* Sources */,
				OBJ_211 /* Frameworks */,
				FD1FDE5850BF32EECF9FDE4F /* [CP] Embed Pods Frameworks */,
				FB4D8A6DA6567AE37A50A233 /* [CP] Copy Pods Resources */,
				203314331E9E3A8D00EB5D02 /* Resources */,
			);
			buildRules = (
			);
			dependencies = (
				OBJ_213 /* PBXTargetDependency */,
			);
			name = BitBarTests;
			productName = BitBarTests;
			productReference = OBJ_107 /* BitBarTests.xctest */;
			productType = "com.apple.product-type.bundle.unit-test";
		};
/* End PBXNativeTarget section */

/* Begin PBXProject section */
		OBJ_1 /* Project object */ = {
			isa = PBXProject;
			attributes = {
				LastUpgradeCheck = 0830;
			};
			buildConfigurationList = OBJ_2 /* Build configuration list for PBXProject "BitBar" */;
			compatibilityVersion = "Xcode 3.2";
			developmentRegion = English;
			hasScannedForEncodings = 0;
			knownRegions = (
				en,
			);
			mainGroup = OBJ_5;
			productRefGroup = OBJ_105 /* Products */;
			projectDirPath = "";
			projectRoot = "";
			targets = (
				OBJ_108 /* BitBar */,
				OBJ_164 /* BitBarTests */,
			);
		};
/* End PBXProject section */

/* Begin PBXResourcesBuildPhase section */
		203314331E9E3A8D00EB5D02 /* Resources */ = {
			isa = PBXResourcesBuildPhase;
			buildActionMask = 2147483647;
			files = (
				203314591E9E3D0200EB5D02 /* ansi.10m.sh in Resources */,
				2033145E1E9E3D0200EB5D02 /* exit1-output.sh in Resources */,
				203314661E9E3D0200EB5D02 /* stream-nothing.sh in Resources */,
				203314601E9E3D0200EB5D02 /* missing-sh-bin.10m.sh in Resources */,
				203314671E9E3D0200EB5D02 /* stream-sleep.sh in Resources */,
				203314611E9E3D0200EB5D02 /* nonexec.sh in Resources */,
				2033145A1E9E3D0200EB5D02 /* args.sh in Resources */,
				2033145D1E9E3D0200EB5D02 /* exit1-no-output.sh in Resources */,
				203314651E9E3D0200EB5D02 /* stream-nomore.sh in Resources */,
				2033146A1E9E3D0200EB5D02 /* sub3.10s.sh in Resources */,
				203314631E9E3D0200EB5D02 /* space script.sh in Resources */,
				203314641E9E3D0200EB5D02 /* stream-more.sh in Resources */,
				203314621E9E3D0200EB5D02 /* sleep.sh in Resources */,
				2033145B1E9E3D0200EB5D02 /* basic.sh in Resources */,
				2033145F1E9E3D0200EB5D02 /* invalid-syntax.sh in Resources */,
				203314691E9E3D0200EB5D02 /* sub2.10s.sh in Resources */,
				2033145C1E9E3D0200EB5D02 /* complex.sh in Resources */,
				203314681E9E3D0200EB5D02 /* sub.10s.sh in Resources */,
			);
			runOnlyForDeploymentPostprocessing = 0;
		};
		2055776A1E9CC32900DC13D8 /* Resources */ = {
			isa = PBXResourcesBuildPhase;
			buildActionMask = 2147483647;
			files = (
			);
			runOnlyForDeploymentPostprocessing = 0;
		};
/* End PBXResourcesBuildPhase section */

/* Begin PBXShellScriptBuildPhase section */
		1611DAF65F582ED36997DB0E /* [CP] Copy Pods Resources */ = {
			isa = PBXShellScriptBuildPhase;
			buildActionMask = 2147483647;
			files = (
			);
			inputPaths = (
			);
			name = "[CP] Copy Pods Resources";
			outputPaths = (
			);
			runOnlyForDeploymentPostprocessing = 0;
			shellPath = /bin/sh;
			shellScript = "\"${SRCROOT}/Pods/Target Support Files/Pods-BitBar/Pods-BitBar-resources.sh\"\n";
			showEnvVarsInLog = 0;
		};
		99AAC46FBA9D8E7538177BB7 /* [CP] Check Pods Manifest.lock */ = {
			isa = PBXShellScriptBuildPhase;
			buildActionMask = 2147483647;
			files = (
			);
			inputPaths = (
			);
			name = "[CP] Check Pods Manifest.lock";
			outputPaths = (
			);
			runOnlyForDeploymentPostprocessing = 0;
			shellPath = /bin/sh;
			shellScript = "diff \"${PODS_PODFILE_DIR_PATH}/Podfile.lock\" \"${PODS_ROOT}/Manifest.lock\" > /dev/null\nif [ $? != 0 ] ; then\n    # print error to STDERR\n    echo \"error: The sandbox is not in sync with the Podfile.lock. Run 'pod install' or update your CocoaPods installation.\" >&2\n    exit 1\nfi\n";
			showEnvVarsInLog = 0;
		};
		9C23B8CCAD76DEC80D49E7FC /* [CP] Check Pods Manifest.lock */ = {
			isa = PBXShellScriptBuildPhase;
			buildActionMask = 2147483647;
			files = (
			);
			inputPaths = (
			);
			name = "[CP] Check Pods Manifest.lock";
			outputPaths = (
			);
			runOnlyForDeploymentPostprocessing = 0;
			shellPath = /bin/sh;
			shellScript = "diff \"${PODS_PODFILE_DIR_PATH}/Podfile.lock\" \"${PODS_ROOT}/Manifest.lock\" > /dev/null\nif [ $? != 0 ] ; then\n    # print error to STDERR\n    echo \"error: The sandbox is not in sync with the Podfile.lock. Run 'pod install' or update your CocoaPods installation.\" >&2\n    exit 1\nfi\n";
			showEnvVarsInLog = 0;
		};
		FB4D8A6DA6567AE37A50A233 /* [CP] Copy Pods Resources */ = {
			isa = PBXShellScriptBuildPhase;
			buildActionMask = 2147483647;
			files = (
			);
			inputPaths = (
			);
			name = "[CP] Copy Pods Resources";
			outputPaths = (
			);
			runOnlyForDeploymentPostprocessing = 0;
			shellPath = /bin/sh;
			shellScript = "\"${SRCROOT}/Pods/Target Support Files/Pods-BitBarTests/Pods-BitBarTests-resources.sh\"\n";
			showEnvVarsInLog = 0;
		};
		FD1FDE5850BF32EECF9FDE4F /* [CP] Embed Pods Frameworks */ = {
			isa = PBXShellScriptBuildPhase;
			buildActionMask = 2147483647;
			files = (
			);
			inputPaths = (
			);
			name = "[CP] Embed Pods Frameworks";
			outputPaths = (
			);
			runOnlyForDeploymentPostprocessing = 0;
			shellPath = /bin/sh;
			shellScript = "\"${SRCROOT}/Pods/Target Support Files/Pods-BitBarTests/Pods-BitBarTests-frameworks.sh\"\n";
			showEnvVarsInLog = 0;
		};
/* End PBXShellScriptBuildPhase section */

/* Begin PBXSourcesBuildPhase section */
		OBJ_112 /* Sources */ = {
			isa = PBXSourcesBuildPhase;
			buildActionMask = 0;
			files = (
				OBJ_113 /* Alternate.swift in Sources */,
				OBJ_114 /* Ansi.swift in Sources */,
				OBJ_115 /* App.swift in Sources */,
				OBJ_116 /* AppDelegate.swift in Sources */,
				OBJ_117 /* Array.swift in Sources */,
				OBJ_118 /* Autostart.swift in Sources */,
				OBJ_119 /* Base.swift in Sources */,
				OBJ_120 /* Bash.swift in Sources */,
				OBJ_121 /* Buffer.swift in Sources */,
				OBJ_122 /* Checked.swift in Sources */,
				OBJ_123 /* Color.swift in Sources */,
				OBJ_124 /* Container.swift in Sources */,
				OBJ_125 /* DefaultsKeys.swift in Sources */,
				OBJ_126 /* Dropdown.swift in Sources */,
				OBJ_127 /* Emojize.swift in Sources */,
				OBJ_128 /* ExecutablePlugin.swift in Sources */,
				OBJ_129 /* File.swift in Sources */,
				OBJ_130 /* Font.swift in Sources */,
				OBJ_131 /* Href.swift in Sources */,
				OBJ_132 /* Image.swift in Sources */,
				OBJ_133 /* ItemBase.swift in Sources */,
				OBJ_134 /* ItemBaseDelegate.swift in Sources */,
				OBJ_135 /* Length.swift in Sources */,
				OBJ_136 /* Listen.swift in Sources */,
				OBJ_137 /* Menu.swift in Sources */,
				OBJ_138 /* Menuable.swift in Sources */,
				OBJ_139 /* NamedParam.swift in Sources */,
				OBJ_140 /* NSAttributedString.swift in Sources */,
				OBJ_141 /* NSFont.swift in Sources */,
				OBJ_142 /* NSMutableAttributedString.swift in Sources */,
				OBJ_143 /* Output.swift in Sources */,
				OBJ_144 /* Param.swift in Sources */,
				OBJ_145 /* Parser.swift in Sources */,
				OBJ_146 /* PathSelector.swift in Sources */,
				OBJ_147 /* Plugin.swift in Sources */,
				OBJ_148 /* PluginManager.swift in Sources */,
				OBJ_149 /* PrefItem.swift in Sources */,
				OBJ_150 /* Refresh.swift in Sources */,
				OBJ_151 /* Result.swift in Sources */,
				OBJ_152 /* Script.swift in Sources */,
				OBJ_153 /* ScriptDelegate.swift in Sources */,
				OBJ_154 /* Size.swift in Sources */,
				OBJ_155 /* String.swift in Sources */,
				OBJ_156 /* TemplateImage.swift in Sources */,
				OBJ_157 /* Terminal.swift in Sources */,
				OBJ_158 /* Title.swift in Sources */,
				OBJ_159 /* Tray.swift in Sources */,
				OBJ_160 /* Trim.swift in Sources */,
				OBJ_161 /* UpdatedAgoItem.swift in Sources */,
				OBJ_162 /* Updater.swift in Sources */,
			);
			runOnlyForDeploymentPostprocessing = 0;
		};
		OBJ_168 /* Sources */ = {
			isa = PBXSourcesBuildPhase;
			buildActionMask = 0;
			files = (
				OBJ_169 /* Alternate.swift in Sources */,
				OBJ_170 /* Ansi.swift in Sources */,
				OBJ_171 /* AnsiTests.swift in Sources */,
				OBJ_172 /* Bash.swift in Sources */,
				OBJ_173 /* BashTests.swift in Sources */,
				OBJ_174 /* BufferTests.swift in Sources */,
				OBJ_175 /* Color.swift in Sources */,
				OBJ_176 /* ColorTests.swift in Sources */,
				OBJ_177 /* Container.swift in Sources */,
				OBJ_178 /* ContainerTests.swift in Sources */,
				OBJ_179 /* Dropdown.swift in Sources */,
				OBJ_180 /* Emojize.swift in Sources */,
				OBJ_181 /* ExecutablePluginTests.swift in Sources */,
				OBJ_182 /* FileNameTests.swift in Sources */,
				OBJ_183 /* Font.swift in Sources */,
				OBJ_184 /* FontTests.swift in Sources */,
				OBJ_185 /* Helper.swift in Sources */,
				OBJ_186 /* Href.swift in Sources */,
				OBJ_187 /* HrefTests.swift in Sources */,
				OBJ_188 /* Image.swift in Sources */,
				OBJ_189 /* ImageTests.swift in Sources */,
				OBJ_190 /* Length.swift in Sources */,
				OBJ_191 /* LengthTests.swift in Sources */,
				OBJ_192 /* Menu.swift in Sources */,
				OBJ_193 /* MenuTests.swift in Sources */,
				OBJ_194 /* MutableTests.swift in Sources */,
				OBJ_195 /* NamedParam.swift in Sources */,
				OBJ_196 /* NamedParamTests.swift in Sources */,
				OBJ_197 /* Output.swift in Sources */,
				OBJ_198 /* OutputTests.swift in Sources */,
				OBJ_199 /* ParserTests.swift in Sources */,
				OBJ_200 /* PropertyTests.swift in Sources */,
				OBJ_201 /* Refresh.swift in Sources */,
				OBJ_202 /* ScriptTests.swift in Sources */,
				OBJ_203 /* Size.swift in Sources */,
				OBJ_204 /* SizeTests.swift in Sources */,
				OBJ_205 /* SubMenuTests.swift in Sources */,
				OBJ_206 /* TemplateImage.swift in Sources */,
				OBJ_207 /* Terminal.swift in Sources */,
				OBJ_208 /* Title.swift in Sources */,
				OBJ_209 /* TitleTests.swift in Sources */,
				OBJ_210 /* Trim.swift in Sources */,
			);
			runOnlyForDeploymentPostprocessing = 0;
		};
/* End PBXSourcesBuildPhase section */

/* Begin PBXTargetDependency section */
		OBJ_213 /* PBXTargetDependency */ = {
			isa = PBXTargetDependency;
			target = OBJ_108 /* BitBar */;
			targetProxy = 2072960C1E9C693000DBA952 /* PBXContainerItemProxy */;
		};
/* End PBXTargetDependency section */

/* Begin XCBuildConfiguration section */
		OBJ_110 /* Debug */ = {
			isa = XCBuildConfiguration;
			baseConfigurationReference = 286BBABB60B4E99C44DBF287 /* Pods-BitBar.debug.xcconfig */;
			buildSettings = {
				ENABLE_TESTABILITY = YES;
				FRAMEWORK_SEARCH_PATHS = (
					"$(inherited)",
					"$(PLATFORM_DIR)/Developer/Library/Frameworks",
				);
				HEADER_SEARCH_PATHS = "$(inherited)";
				INFOPLIST_FILE = BitBar.xcodeproj/BitBar_Info.plist;
				LD_RUNPATH_SEARCH_PATHS = "$(TOOLCHAIN_DIR)/usr/lib/swift/macosx";
				OTHER_LDFLAGS = "$(inherited)";
				OTHER_SWIFT_FLAGS = "$(inherited)";
				PRODUCT_BUNDLE_IDENTIFIER = BitBar;
				PRODUCT_MODULE_NAME = "$(TARGET_NAME:c99extidentifier)";
				PRODUCT_NAME = "$(TARGET_NAME:c99extidentifier)";
				SKIP_INSTALL = YES;
				TARGET_NAME = BitBar;
			};
			name = Debug;
		};
		OBJ_111 /* Release */ = {
			isa = XCBuildConfiguration;
			baseConfigurationReference = 8607597A0E2D5FA7D2ED63F1 /* Pods-BitBar.release.xcconfig */;
			buildSettings = {
				ENABLE_TESTABILITY = YES;
				FRAMEWORK_SEARCH_PATHS = (
					"$(inherited)",
					"$(PLATFORM_DIR)/Developer/Library/Frameworks",
				);
				HEADER_SEARCH_PATHS = "$(inherited)";
				INFOPLIST_FILE = BitBar.xcodeproj/BitBar_Info.plist;
				LD_RUNPATH_SEARCH_PATHS = "$(TOOLCHAIN_DIR)/usr/lib/swift/macosx";
				OTHER_LDFLAGS = "$(inherited)";
				OTHER_SWIFT_FLAGS = "$(inherited)";
				PRODUCT_BUNDLE_IDENTIFIER = BitBar;
				PRODUCT_MODULE_NAME = "$(TARGET_NAME:c99extidentifier)";
				PRODUCT_NAME = "$(TARGET_NAME:c99extidentifier)";
				SKIP_INSTALL = YES;
				TARGET_NAME = BitBar;
			};
			name = Release;
		};
		OBJ_166 /* Debug */ = {
			isa = XCBuildConfiguration;
			baseConfigurationReference = 8A13B21F57F082F515495A04 /* Pods-BitBarTests.debug.xcconfig */;
			buildSettings = {
				ALWAYS_EMBED_SWIFT_STANDARD_LIBRARIES = YES;
				FRAMEWORK_SEARCH_PATHS = (
					"$(inherited)",
					"$(PLATFORM_DIR)/Developer/Library/Frameworks",
				);
				HEADER_SEARCH_PATHS = "$(inherited)";
				INFOPLIST_FILE = BitBar.xcodeproj/BitBarTests_Info.plist;
				LD_RUNPATH_SEARCH_PATHS = "@loader_path/../Frameworks @loader_path/Frameworks";
				OTHER_LDFLAGS = "$(inherited)";
				OTHER_SWIFT_FLAGS = "$(inherited)";
				TARGET_NAME = BitBarTests;
			};
			name = Debug;
		};
		OBJ_167 /* Release */ = {
			isa = XCBuildConfiguration;
			baseConfigurationReference = 54B067BF2DCE480EF6A560FC /* Pods-BitBarTests.release.xcconfig */;
			buildSettings = {
				ALWAYS_EMBED_SWIFT_STANDARD_LIBRARIES = YES;
				FRAMEWORK_SEARCH_PATHS = (
					"$(inherited)",
					"$(PLATFORM_DIR)/Developer/Library/Frameworks",
				);
				HEADER_SEARCH_PATHS = "$(inherited)";
				INFOPLIST_FILE = BitBar.xcodeproj/BitBarTests_Info.plist;
				LD_RUNPATH_SEARCH_PATHS = "@loader_path/../Frameworks @loader_path/Frameworks";
				OTHER_LDFLAGS = "$(inherited)";
				OTHER_SWIFT_FLAGS = "$(inherited)";
				TARGET_NAME = BitBarTests;
			};
			name = Release;
		};
		OBJ_3 /* Debug */ = {
			isa = XCBuildConfiguration;
			buildSettings = {
				CLANG_ENABLE_OBJC_ARC = YES;
				CLANG_WARN_BOOL_CONVERSION = YES;
				CLANG_WARN_CONSTANT_CONVERSION = YES;
				CLANG_WARN_EMPTY_BODY = YES;
				CLANG_WARN_ENUM_CONVERSION = YES;
				CLANG_WARN_INFINITE_RECURSION = YES;
				CLANG_WARN_INT_CONVERSION = YES;
				CLANG_WARN_SUSPICIOUS_MOVE = YES;
				CLANG_WARN_UNREACHABLE_CODE = YES;
				CLANG_WARN__DUPLICATE_METHOD_MATCH = YES;
				COMBINE_HIDPI_IMAGES = YES;
				COPY_PHASE_STRIP = NO;
				DEBUG_INFORMATION_FORMAT = dwarf;
				DYLIB_INSTALL_NAME_BASE = "@rpath";
				ENABLE_NS_ASSERTIONS = YES;
				ENABLE_STRICT_OBJC_MSGSEND = YES;
				ENABLE_TESTABILITY = YES;
				GCC_NO_COMMON_BLOCKS = YES;
				GCC_OPTIMIZATION_LEVEL = 0;
				GCC_WARN_64_TO_32_BIT_CONVERSION = YES;
				GCC_WARN_ABOUT_RETURN_TYPE = YES;
				GCC_WARN_UNDECLARED_SELECTOR = YES;
				GCC_WARN_UNINITIALIZED_AUTOS = YES;
				GCC_WARN_UNUSED_FUNCTION = YES;
				GCC_WARN_UNUSED_VARIABLE = YES;
				MACOSX_DEPLOYMENT_TARGET = 10.10;
				ONLY_ACTIVE_ARCH = YES;
				OTHER_SWIFT_FLAGS = "-DXcode";
				PRODUCT_NAME = "$(TARGET_NAME)";
				SDKROOT = macosx;
				SUPPORTED_PLATFORMS = "macosx iphoneos iphonesimulator appletvos appletvsimulator watchos watchsimulator";
				SWIFT_ACTIVE_COMPILATION_CONDITIONS = SWIFT_PACKAGE;
				SWIFT_OPTIMIZATION_LEVEL = "-Onone";
				SWIFT_VERSION = 3.0;
				USE_HEADERMAP = NO;
			};
			name = Debug;
		};
		OBJ_4 /* Release */ = {
			isa = XCBuildConfiguration;
			buildSettings = {
				CLANG_ENABLE_OBJC_ARC = YES;
				CLANG_WARN_BOOL_CONVERSION = YES;
				CLANG_WARN_CONSTANT_CONVERSION = YES;
				CLANG_WARN_EMPTY_BODY = YES;
				CLANG_WARN_ENUM_CONVERSION = YES;
				CLANG_WARN_INFINITE_RECURSION = YES;
				CLANG_WARN_INT_CONVERSION = YES;
				CLANG_WARN_SUSPICIOUS_MOVE = YES;
				CLANG_WARN_UNREACHABLE_CODE = YES;
				CLANG_WARN__DUPLICATE_METHOD_MATCH = YES;
				COMBINE_HIDPI_IMAGES = YES;
				COPY_PHASE_STRIP = YES;
				DEBUG_INFORMATION_FORMAT = "dwarf-with-dsym";
				DYLIB_INSTALL_NAME_BASE = "@rpath";
				ENABLE_STRICT_OBJC_MSGSEND = YES;
				GCC_NO_COMMON_BLOCKS = YES;
				GCC_OPTIMIZATION_LEVEL = s;
				GCC_WARN_64_TO_32_BIT_CONVERSION = YES;
				GCC_WARN_ABOUT_RETURN_TYPE = YES;
				GCC_WARN_UNDECLARED_SELECTOR = YES;
				GCC_WARN_UNINITIALIZED_AUTOS = YES;
				GCC_WARN_UNUSED_FUNCTION = YES;
				GCC_WARN_UNUSED_VARIABLE = YES;
				MACOSX_DEPLOYMENT_TARGET = 10.10;
				OTHER_SWIFT_FLAGS = "-DXcode";
				PRODUCT_NAME = "$(TARGET_NAME)";
				SDKROOT = macosx;
				SUPPORTED_PLATFORMS = "macosx iphoneos iphonesimulator appletvos appletvsimulator watchos watchsimulator";
				SWIFT_ACTIVE_COMPILATION_CONDITIONS = SWIFT_PACKAGE;
				SWIFT_OPTIMIZATION_LEVEL = "-Owholemodule";
				SWIFT_VERSION = 3.0;
				USE_HEADERMAP = NO;
			};
			name = Release;
		};
/* End XCBuildConfiguration section */

/* Begin XCConfigurationList section */
		OBJ_109 /* Build configuration list for PBXNativeTarget "BitBar" */ = {
			isa = XCConfigurationList;
			buildConfigurations = (
				OBJ_110 /* Debug */,
				OBJ_111 /* Release */,
			);
			defaultConfigurationIsVisible = 0;
			defaultConfigurationName = Debug;
		};
		OBJ_165 /* Build configuration list for PBXNativeTarget "BitBarTests" */ = {
			isa = XCConfigurationList;
			buildConfigurations = (
				OBJ_166 /* Debug */,
				OBJ_167 /* Release */,
			);
			defaultConfigurationIsVisible = 0;
			defaultConfigurationName = Debug;
		};
		OBJ_2 /* Build configuration list for PBXProject "BitBar" */ = {
			isa = XCConfigurationList;
			buildConfigurations = (
				OBJ_3 /* Debug */,
				OBJ_4 /* Release */,
			);
			defaultConfigurationIsVisible = 0;
			defaultConfigurationName = Debug;
		};
/* End XCConfigurationList section */
	};
	rootObject = OBJ_1 /* Project object */;
}
