// !$*UTF8*$!
{
	archiveVersion = 1;
	classes = {
	};
	objectVersion = 46;
	objects = {

/* Begin PBXBuildFile section */
		2008E6F01E23DD6B007FC1D6 /* File.swift in Sources */ = {isa = PBXBuildFile; fileRef = 2008E6EF1E23DD6B007FC1D6 /* File.swift */; };
		2008E6F21E23DD74007FC1D6 /* FileNameTests.swift in Sources */ = {isa = PBXBuildFile; fileRef = 2008E6F11E23DD74007FC1D6 /* FileNameTests.swift */; };
		2015BEAB1E1DD408007AEC6B /* Image.swift in Sources */ = {isa = PBXBuildFile; fileRef = 2015BEAA1E1DD408007AEC6B /* Image.swift */; };
		2031E99E1E325AE2004A33E5 /* NSAttributedString.swift in Sources */ = {isa = PBXBuildFile; fileRef = 2031E99A1E325AE2004A33E5 /* NSAttributedString.swift */; };
		2031E99F1E325AE2004A33E5 /* NSFont.swift in Sources */ = {isa = PBXBuildFile; fileRef = 2031E99B1E325AE2004A33E5 /* NSFont.swift */; };
		2031E9A01E325AE2004A33E5 /* NSMutableAttributedString.swift in Sources */ = {isa = PBXBuildFile; fileRef = 2031E99C1E325AE2004A33E5 /* NSMutableAttributedString.swift */; };
		2031E9A11E325AE2004A33E5 /* String.swift in Sources */ = {isa = PBXBuildFile; fileRef = 2031E99D1E325AE2004A33E5 /* String.swift */; };
		2031E9A31E327F31004A33E5 /* ItemBase.swift in Sources */ = {isa = PBXBuildFile; fileRef = 2031E9A21E327F31004A33E5 /* ItemBase.swift */; };
		2031E9A51E328C66004A33E5 /* sub.10s.sh in Resources */ = {isa = PBXBuildFile; fileRef = 2031E9A41E328C66004A33E5 /* sub.10s.sh */; };
		2031E9A71E32A061004A33E5 /* PrefItem.swift in Sources */ = {isa = PBXBuildFile; fileRef = 2031E9A61E32A061004A33E5 /* PrefItem.swift */; };
		2031E9A91E32C86B004A33E5 /* UpdatedAgoItem.swift in Sources */ = {isa = PBXBuildFile; fileRef = 2031E9A81E32C86B004A33E5 /* UpdatedAgoItem.swift */; };
		204A9D751E160B3A0005E44F /* App.xib in Resources */ = {isa = PBXBuildFile; fileRef = 204A9D741E160B3A0005E44F /* App.xib */; };
		204F73011E2A0BDD00D56243 /* AnsiParserTests.swift in Sources */ = {isa = PBXBuildFile; fileRef = 204F73001E2A0BDD00D56243 /* AnsiParserTests.swift */; };
		205C41101E1EA32800DAFE22 /* Length.swift in Sources */ = {isa = PBXBuildFile; fileRef = 205C410F1E1EA32800DAFE22 /* Length.swift */; };
		206277891E1E7EFA0032AD69 /* Href.swift in Sources */ = {isa = PBXBuildFile; fileRef = 206277871E1E7EFA0032AD69 /* Href.swift */; };
		2062778A1E1E7EFA0032AD69 /* Font.swift in Sources */ = {isa = PBXBuildFile; fileRef = 206277881E1E7EFA0032AD69 /* Font.swift */; };
		20642E7C1E2A4E4C004D9A28 /* emoji.json in Resources */ = {isa = PBXBuildFile; fileRef = 20642E7B1E2A4E4C004D9A28 /* emoji.json */; };
		20642E7D1E2A4E4C004D9A28 /* emoji.json in Resources */ = {isa = PBXBuildFile; fileRef = 20642E7B1E2A4E4C004D9A28 /* emoji.json */; };
		20642E7F1E2A758B004D9A28 /* MenuDelegate.swift in Sources */ = {isa = PBXBuildFile; fileRef = 20642E7E1E2A758B004D9A28 /* MenuDelegate.swift */; };
		20642E801E2A758B004D9A28 /* MenuDelegate.swift in Sources */ = {isa = PBXBuildFile; fileRef = 20642E7E1E2A758B004D9A28 /* MenuDelegate.swift */; };
		206706661E15F6DB000DAADE /* AppDelegate.swift in Sources */ = {isa = PBXBuildFile; fileRef = 2067064E1E15F6DB000DAADE /* AppDelegate.swift */; };
		2067066C1E15F6DB000DAADE /* ExecutablePlugin.swift in Sources */ = {isa = PBXBuildFile; fileRef = 206706561E15F6DB000DAADE /* ExecutablePlugin.swift */; };
		2067066D1E15F6DB000DAADE /* Plugin.swift in Sources */ = {isa = PBXBuildFile; fileRef = 206706571E15F6DB000DAADE /* Plugin.swift */; };
		2067066E1E15F6DB000DAADE /* PluginManager.swift in Sources */ = {isa = PBXBuildFile; fileRef = 206706581E15F6DB000DAADE /* PluginManager.swift */; };
		206706731E15F6DB000DAADE /* Script.swift in Sources */ = {isa = PBXBuildFile; fileRef = 206706601E15F6DB000DAADE /* Script.swift */; };
		206706741E15F6DB000DAADE /* ScriptDelegate.swift in Sources */ = {isa = PBXBuildFile; fileRef = 206706611E15F6DB000DAADE /* ScriptDelegate.swift */; };
		206706761E15F6DB000DAADE /* Tray.swift in Sources */ = {isa = PBXBuildFile; fileRef = 206706641E15F6DB000DAADE /* Tray.swift */; };
		206706771E15F6DB000DAADE /* TrayDelegate.swift in Sources */ = {isa = PBXBuildFile; fileRef = 206706651E15F6DB000DAADE /* TrayDelegate.swift */; };
		2072774A1E239D8B00496F25 /* PropertyTests.swift in Sources */ = {isa = PBXBuildFile; fileRef = 207277491E239D8B00496F25 /* PropertyTests.swift */; };
		2072774C1E239D9100496F25 /* ManualTests.swift in Sources */ = {isa = PBXBuildFile; fileRef = 2072774B1E239D9100496F25 /* ManualTests.swift */; };
		207BD8781E2379EA007AA0C7 /* Alternate.swift in Sources */ = {isa = PBXBuildFile; fileRef = 207BD8611E2379EA007AA0C7 /* Alternate.swift */; };
		207BD8791E2379EA007AA0C7 /* Ansi.swift in Sources */ = {isa = PBXBuildFile; fileRef = 207BD8621E2379EA007AA0C7 /* Ansi.swift */; };
		207BD87A1E2379EA007AA0C7 /* Bash.swift in Sources */ = {isa = PBXBuildFile; fileRef = 207BD8631E2379EA007AA0C7 /* Bash.swift */; };
		207BD87B1E2379EA007AA0C7 /* Color.swift in Sources */ = {isa = PBXBuildFile; fileRef = 207BD8641E2379EA007AA0C7 /* Color.swift */; };
		207BD87C1E2379EA007AA0C7 /* Dropdown.swift in Sources */ = {isa = PBXBuildFile; fileRef = 207BD8651E2379EA007AA0C7 /* Dropdown.swift */; };
		207BD87D1E2379EA007AA0C7 /* Emojize.swift in Sources */ = {isa = PBXBuildFile; fileRef = 207BD8661E2379EA007AA0C7 /* Emojize.swift */; };
		207BD87E1E2379EA007AA0C7 /* Font.swift in Sources */ = {isa = PBXBuildFile; fileRef = 207BD8671E2379EA007AA0C7 /* Font.swift */; };
		207BD87F1E2379EA007AA0C7 /* Href.swift in Sources */ = {isa = PBXBuildFile; fileRef = 207BD8681E2379EA007AA0C7 /* Href.swift */; };
		207BD8801E2379EA007AA0C7 /* Image.swift in Sources */ = {isa = PBXBuildFile; fileRef = 207BD8691E2379EA007AA0C7 /* Image.swift */; };
		207BD8811E2379EA007AA0C7 /* Length.swift in Sources */ = {isa = PBXBuildFile; fileRef = 207BD86A1E2379EA007AA0C7 /* Length.swift */; };
		207BD8831E2379EA007AA0C7 /* NamedParam.swift in Sources */ = {isa = PBXBuildFile; fileRef = 207BD86C1E2379EA007AA0C7 /* NamedParam.swift */; };
		207BD8841E2379EA007AA0C7 /* Output.swift in Sources */ = {isa = PBXBuildFile; fileRef = 207BD86D1E2379EA007AA0C7 /* Output.swift */; };
		207BD8871E2379EA007AA0C7 /* Refresh.swift in Sources */ = {isa = PBXBuildFile; fileRef = 207BD8701E2379EA007AA0C7 /* Refresh.swift */; };
		207BD8881E2379EA007AA0C7 /* Size.swift in Sources */ = {isa = PBXBuildFile; fileRef = 207BD8711E2379EA007AA0C7 /* Size.swift */; };
		207BD88A1E2379EA007AA0C7 /* TemplateImage.swift in Sources */ = {isa = PBXBuildFile; fileRef = 207BD8731E2379EA007AA0C7 /* TemplateImage.swift */; };
		207BD88B1E2379EA007AA0C7 /* Terminal.swift in Sources */ = {isa = PBXBuildFile; fileRef = 207BD8741E2379EA007AA0C7 /* Terminal.swift */; };
		207BD88C1E2379EA007AA0C7 /* Title.swift in Sources */ = {isa = PBXBuildFile; fileRef = 207BD8751E2379EA007AA0C7 /* Title.swift */; };
		207BD88D1E2379EA007AA0C7 /* Trim.swift in Sources */ = {isa = PBXBuildFile; fileRef = 207BD8761E2379EA007AA0C7 /* Trim.swift */; };
		207FCC6B1E25F775009F426C /* ParamsTest.swift in Sources */ = {isa = PBXBuildFile; fileRef = 207FCC6A1E25F775009F426C /* ParamsTest.swift */; };
		2084CCE51E2A3E7100DE01F6 /* args.sh in Resources */ = {isa = PBXBuildFile; fileRef = 2084CCDD1E2A3E7100DE01F6 /* args.sh */; };
		2084CCE61E2A3E7100DE01F6 /* exit1-no-output.sh in Resources */ = {isa = PBXBuildFile; fileRef = 2084CCDE1E2A3E7100DE01F6 /* exit1-no-output.sh */; };
		2084CCE71E2A3E7100DE01F6 /* exit1-output.sh in Resources */ = {isa = PBXBuildFile; fileRef = 2084CCDF1E2A3E7100DE01F6 /* exit1-output.sh */; };
		2084CCE81E2A3E7100DE01F6 /* fails.sh in Resources */ = {isa = PBXBuildFile; fileRef = 2084CCE01E2A3E7100DE01F6 /* fails.sh */; };
		2084CCE91E2A3E7100DE01F6 /* hello.sh in Resources */ = {isa = PBXBuildFile; fileRef = 2084CCE11E2A3E7100DE01F6 /* hello.sh */; };
		2084CCEA1E2A3E7100DE01F6 /* missing-sh-bin.sh in Resources */ = {isa = PBXBuildFile; fileRef = 2084CCE21E2A3E7100DE01F6 /* missing-sh-bin.sh */; };
		2084CCEB1E2A3E7100DE01F6 /* nonexec.sh in Resources */ = {isa = PBXBuildFile; fileRef = 2084CCE31E2A3E7100DE01F6 /* nonexec.sh */; };
		2084CCEC1E2A3E7100DE01F6 /* sleep.sh in Resources */ = {isa = PBXBuildFile; fileRef = 2084CCE41E2A3E7100DE01F6 /* sleep.sh */; };
		209632EF1E20A264003BC47E /* NamedParam.swift in Sources */ = {isa = PBXBuildFile; fileRef = 209632EE1E20A264003BC47E /* NamedParam.swift */; };
		2097884F1E2420E300A91F4D /* ScriptTests.swift in Sources */ = {isa = PBXBuildFile; fileRef = 2097884E1E2420E300A91F4D /* ScriptTests.swift */; };
		2099FAB21E1E300900F758AF /* Alternate.swift in Sources */ = {isa = PBXBuildFile; fileRef = 2099FAAC1E1E300900F758AF /* Alternate.swift */; };
		2099FAB31E1E300900F758AF /* Ansi.swift in Sources */ = {isa = PBXBuildFile; fileRef = 2099FAAD1E1E300900F758AF /* Ansi.swift */; };
		2099FAB41E1E300900F758AF /* Dropdown.swift in Sources */ = {isa = PBXBuildFile; fileRef = 2099FAAE1E1E300900F758AF /* Dropdown.swift */; };
		2099FAB51E1E300900F758AF /* Emojize.swift in Sources */ = {isa = PBXBuildFile; fileRef = 2099FAAF1E1E300900F758AF /* Emojize.swift */; };
		2099FAB61E1E300900F758AF /* Refresh.swift in Sources */ = {isa = PBXBuildFile; fileRef = 2099FAB01E1E300900F758AF /* Refresh.swift */; };
		2099FAB71E1E300900F758AF /* Trim.swift in Sources */ = {isa = PBXBuildFile; fileRef = 2099FAB11E1E300900F758AF /* Trim.swift */; };
		209CE1951E1E5CE1000A2980 /* Color.swift in Sources */ = {isa = PBXBuildFile; fileRef = 209CE1931E1E5CE1000A2980 /* Color.swift */; };
		209CE1961E1E5CE1000A2980 /* TemplateImage.swift in Sources */ = {isa = PBXBuildFile; fileRef = 209CE1941E1E5CE1000A2980 /* TemplateImage.swift */; };
		209F70811E32E298005365B2 /* Listen.swift in Sources */ = {isa = PBXBuildFile; fileRef = 209F70801E32E298005365B2 /* Listen.swift */; };
		209F70831E32EA9E005365B2 /* App.swift in Sources */ = {isa = PBXBuildFile; fileRef = 209F70821E32EA9E005365B2 /* App.swift */; };
		209F70851E3316C4005365B2 /* Container.swift in Sources */ = {isa = PBXBuildFile; fileRef = 209F70841E3316C4005365B2 /* Container.swift */; };
		209F70871E331AF4005365B2 /* PathSelector.swift in Sources */ = {isa = PBXBuildFile; fileRef = 209F70861E331AF4005365B2 /* PathSelector.swift */; };
		20A39F6D1E26CA0B001BAB72 /* Checked.swift in Sources */ = {isa = PBXBuildFile; fileRef = 20A39F6C1E26CA0B001BAB72 /* Checked.swift */; };
		20AB0A681E1DAE11000DFFFD /* Title.swift in Sources */ = {isa = PBXBuildFile; fileRef = 20AB0A661E1DAE11000DFFFD /* Title.swift */; };
		20AB0A701E1DD194000DFFFD /* Terminal.swift in Sources */ = {isa = PBXBuildFile; fileRef = 20AB0A6E1E1DD194000DFFFD /* Terminal.swift */; };
		20B19E321E2F56A9007D9778 /* DefaultsKeys.swift in Sources */ = {isa = PBXBuildFile; fileRef = 20B19E311E2F56A9007D9778 /* DefaultsKeys.swift */; };
		20B489BC1E1E7A300089E874 /* Bash.swift in Sources */ = {isa = PBXBuildFile; fileRef = 20B489BA1E1E7A300089E874 /* Bash.swift */; };
		20B489BD1E1E7A300089E874 /* Size.swift in Sources */ = {isa = PBXBuildFile; fileRef = 20B489BB1E1E7A300089E874 /* Size.swift */; };
		20C1F87C1E23F521007E0D93 /* Menu.swift in Sources */ = {isa = PBXBuildFile; fileRef = 20C1F87B1E23F521007E0D93 /* Menu.swift */; };
		20C1F87E1E23F529007E0D93 /* Menu.swift in Sources */ = {isa = PBXBuildFile; fileRef = 20C1F87D1E23F529007E0D93 /* Menu.swift */; };
		20C8B98E1E237D76005DBC9D /* Parser.swift in Sources */ = {isa = PBXBuildFile; fileRef = 20C8B98D1E237D76005DBC9D /* Parser.swift */; };
		20DEE6021E237BA200AF22D2 /* Result.swift in Sources */ = {isa = PBXBuildFile; fileRef = 20DEE5FB1E237BA200AF22D2 /* Result.swift */; };
		20DEE6031E237BA200AF22D2 /* StringVal.swift in Sources */ = {isa = PBXBuildFile; fileRef = 20DEE5FC1E237BA200AF22D2 /* StringVal.swift */; };
		20DEE6041E237BA200AF22D2 /* BoolVal.swift in Sources */ = {isa = PBXBuildFile; fileRef = 20DEE5FD1E237BA200AF22D2 /* BoolVal.swift */; };
		20DEE6051E237BA200AF22D2 /* IntVal.swift in Sources */ = {isa = PBXBuildFile; fileRef = 20DEE5FE1E237BA200AF22D2 /* IntVal.swift */; };
		20DEE6081E237BA200AF22D2 /* Param.swift in Sources */ = {isa = PBXBuildFile; fileRef = 20DEE6011E237BA200AF22D2 /* Param.swift */; };
		20E660631E2399A300B530B1 /* Helper.swift in Sources */ = {isa = PBXBuildFile; fileRef = 20E660621E2399A300B530B1 /* Helper.swift */; };
		20F54DF81E1E994E000416C6 /* Output.swift in Sources */ = {isa = PBXBuildFile; fileRef = 20F54DF71E1E994E000416C6 /* Output.swift */; };
		7B1C7F93DADBBA20B8A5067D /* Pods_BitBar.framework in Frameworks */ = {isa = PBXBuildFile; fileRef = 1D7668DC35F332B9361C63E1 /* Pods_BitBar.framework */; };
		B1291609E14C904D52228822 /* Pods_BitBarTests.framework in Frameworks */ = {isa = PBXBuildFile; fileRef = F9FD803BD86A42F69A80929A /* Pods_BitBarTests.framework */; };
/* End PBXBuildFile section */

/* Begin PBXContainerItemProxy section */
		20A115CF1E15E43F00A68722 /* PBXContainerItemProxy */ = {
			isa = PBXContainerItemProxy;
			containerPortal = 20A115B71E15E43E00A68722 /* Project object */;
			proxyType = 1;
			remoteGlobalIDString = 20A115BE1E15E43E00A68722;
			remoteInfo = BitBar;
		};
/* End PBXContainerItemProxy section */

/* Begin PBXFileReference section */
		00CDDAB0A8E092EC11C6CAAC /* Pods-BitBar.release.xcconfig */ = {isa = PBXFileReference; includeInIndex = 1; lastKnownFileType = text.xcconfig; name = "Pods-BitBar.release.xcconfig"; path = "Pods/Target Support Files/Pods-BitBar/Pods-BitBar.release.xcconfig"; sourceTree = "<group>"; };
		1D7668DC35F332B9361C63E1 /* Pods_BitBar.framework */ = {isa = PBXFileReference; explicitFileType = wrapper.framework; includeInIndex = 0; path = Pods_BitBar.framework; sourceTree = BUILT_PRODUCTS_DIR; };
		2008E6EF1E23DD6B007FC1D6 /* File.swift */ = {isa = PBXFileReference; fileEncoding = 4; lastKnownFileType = sourcecode.swift; name = File.swift; path = BitBar/Parser/File.swift; sourceTree = "<group>"; };
		2008E6F11E23DD74007FC1D6 /* FileNameTests.swift */ = {isa = PBXFileReference; fileEncoding = 4; lastKnownFileType = sourcecode.swift; path = FileNameTests.swift; sourceTree = "<group>"; };
		2015BEAA1E1DD408007AEC6B /* Image.swift */ = {isa = PBXFileReference; fileEncoding = 4; lastKnownFileType = sourcecode.swift; name = Image.swift; path = Arbitrary/Image.swift; sourceTree = "<group>"; };
		2031E99A1E325AE2004A33E5 /* NSAttributedString.swift */ = {isa = PBXFileReference; fileEncoding = 4; lastKnownFileType = sourcecode.swift; name = NSAttributedString.swift; path = BitBar/Extensions/NSAttributedString.swift; sourceTree = "<group>"; };
		2031E99B1E325AE2004A33E5 /* NSFont.swift */ = {isa = PBXFileReference; fileEncoding = 4; lastKnownFileType = sourcecode.swift; name = NSFont.swift; path = BitBar/Extensions/NSFont.swift; sourceTree = "<group>"; };
		2031E99C1E325AE2004A33E5 /* NSMutableAttributedString.swift */ = {isa = PBXFileReference; fileEncoding = 4; lastKnownFileType = sourcecode.swift; name = NSMutableAttributedString.swift; path = BitBar/Extensions/NSMutableAttributedString.swift; sourceTree = "<group>"; };
		2031E99D1E325AE2004A33E5 /* String.swift */ = {isa = PBXFileReference; fileEncoding = 4; lastKnownFileType = sourcecode.swift; name = String.swift; path = BitBar/Extensions/String.swift; sourceTree = "<group>"; };
		2031E9A21E327F31004A33E5 /* ItemBase.swift */ = {isa = PBXFileReference; fileEncoding = 4; lastKnownFileType = sourcecode.swift; name = ItemBase.swift; path = BitBar/ItemBase.swift; sourceTree = "<group>"; };
		2031E9A41E328C66004A33E5 /* sub.10s.sh */ = {isa = PBXFileReference; fileEncoding = 4; lastKnownFileType = text.script.sh; name = sub.10s.sh; path = Scripts/sub.10s.sh; sourceTree = "<group>"; };
		2031E9A61E32A061004A33E5 /* PrefItem.swift */ = {isa = PBXFileReference; fileEncoding = 4; lastKnownFileType = sourcecode.swift; name = PrefItem.swift; path = BitBar/PrefItem.swift; sourceTree = "<group>"; };
		2031E9A81E32C86B004A33E5 /* UpdatedAgoItem.swift */ = {isa = PBXFileReference; fileEncoding = 4; lastKnownFileType = sourcecode.swift; name = UpdatedAgoItem.swift; path = BitBar/UpdatedAgoItem.swift; sourceTree = "<group>"; };
		204A9D741E160B3A0005E44F /* App.xib */ = {isa = PBXFileReference; fileEncoding = 4; lastKnownFileType = file.xib; name = App.xib; path = BitBar/App.xib; sourceTree = "<group>"; };
		204F73001E2A0BDD00D56243 /* AnsiParserTests.swift */ = {isa = PBXFileReference; fileEncoding = 4; lastKnownFileType = sourcecode.swift; path = AnsiParserTests.swift; sourceTree = "<group>"; };
		205C410F1E1EA32800DAFE22 /* Length.swift */ = {isa = PBXFileReference; fileEncoding = 4; lastKnownFileType = sourcecode.swift; name = Length.swift; path = Arbitrary/Length.swift; sourceTree = "<group>"; };
		206277871E1E7EFA0032AD69 /* Href.swift */ = {isa = PBXFileReference; fileEncoding = 4; lastKnownFileType = sourcecode.swift; name = Href.swift; path = Arbitrary/Href.swift; sourceTree = "<group>"; };
		206277881E1E7EFA0032AD69 /* Font.swift */ = {isa = PBXFileReference; fileEncoding = 4; lastKnownFileType = sourcecode.swift; name = Font.swift; path = Arbitrary/Font.swift; sourceTree = "<group>"; };
		20642E7B1E2A4E4C004D9A28 /* emoji.json */ = {isa = PBXFileReference; fileEncoding = 4; lastKnownFileType = text.json; name = emoji.json; path = BitBar/Resources/emoji.json; sourceTree = "<group>"; };
		20642E7E1E2A758B004D9A28 /* MenuDelegate.swift */ = {isa = PBXFileReference; fileEncoding = 4; lastKnownFileType = sourcecode.swift; path = MenuDelegate.swift; sourceTree = "<group>"; };
		2067064E1E15F6DB000DAADE /* AppDelegate.swift */ = {isa = PBXFileReference; fileEncoding = 4; lastKnownFileType = sourcecode.swift; path = AppDelegate.swift; sourceTree = "<group>"; };
		206706511E15F6DB000DAADE /* Info.plist */ = {isa = PBXFileReference; fileEncoding = 4; lastKnownFileType = text.plist.xml; name = Info.plist; path = BitBar/Info.plist; sourceTree = "<group>"; };
		206706561E15F6DB000DAADE /* ExecutablePlugin.swift */ = {isa = PBXFileReference; fileEncoding = 4; lastKnownFileType = sourcecode.swift; path = ExecutablePlugin.swift; sourceTree = "<group>"; };
		206706571E15F6DB000DAADE /* Plugin.swift */ = {isa = PBXFileReference; fileEncoding = 4; lastKnownFileType = sourcecode.swift; path = Plugin.swift; sourceTree = "<group>"; };
		206706581E15F6DB000DAADE /* PluginManager.swift */ = {isa = PBXFileReference; fileEncoding = 4; lastKnownFileType = sourcecode.swift; path = PluginManager.swift; sourceTree = "<group>"; };
		206706601E15F6DB000DAADE /* Script.swift */ = {isa = PBXFileReference; fileEncoding = 4; lastKnownFileType = sourcecode.swift; path = Script.swift; sourceTree = "<group>"; };
		206706611E15F6DB000DAADE /* ScriptDelegate.swift */ = {isa = PBXFileReference; fileEncoding = 4; lastKnownFileType = sourcecode.swift; path = ScriptDelegate.swift; sourceTree = "<group>"; };
		206706641E15F6DB000DAADE /* Tray.swift */ = {isa = PBXFileReference; fileEncoding = 4; lastKnownFileType = sourcecode.swift; path = Tray.swift; sourceTree = "<group>"; };
		206706651E15F6DB000DAADE /* TrayDelegate.swift */ = {isa = PBXFileReference; fileEncoding = 4; lastKnownFileType = sourcecode.swift; path = TrayDelegate.swift; sourceTree = "<group>"; };
		207277491E239D8B00496F25 /* PropertyTests.swift */ = {isa = PBXFileReference; fileEncoding = 4; lastKnownFileType = sourcecode.swift; path = PropertyTests.swift; sourceTree = "<group>"; };
		2072774B1E239D9100496F25 /* ManualTests.swift */ = {isa = PBXFileReference; fileEncoding = 4; lastKnownFileType = sourcecode.swift; path = ManualTests.swift; sourceTree = "<group>"; };
		207BD8611E2379EA007AA0C7 /* Alternate.swift */ = {isa = PBXFileReference; fileEncoding = 4; lastKnownFileType = sourcecode.swift; name = Alternate.swift; path = BitBar/Parser/Alternate.swift; sourceTree = "<group>"; };
		207BD8621E2379EA007AA0C7 /* Ansi.swift */ = {isa = PBXFileReference; fileEncoding = 4; lastKnownFileType = sourcecode.swift; name = Ansi.swift; path = BitBar/Parser/Ansi.swift; sourceTree = "<group>"; };
		207BD8631E2379EA007AA0C7 /* Bash.swift */ = {isa = PBXFileReference; fileEncoding = 4; lastKnownFileType = sourcecode.swift; name = Bash.swift; path = BitBar/Parser/Bash.swift; sourceTree = "<group>"; };
		207BD8641E2379EA007AA0C7 /* Color.swift */ = {isa = PBXFileReference; fileEncoding = 4; lastKnownFileType = sourcecode.swift; name = Color.swift; path = BitBar/Parser/Color.swift; sourceTree = "<group>"; };
		207BD8651E2379EA007AA0C7 /* Dropdown.swift */ = {isa = PBXFileReference; fileEncoding = 4; lastKnownFileType = sourcecode.swift; name = Dropdown.swift; path = BitBar/Parser/Dropdown.swift; sourceTree = "<group>"; };
		207BD8661E2379EA007AA0C7 /* Emojize.swift */ = {isa = PBXFileReference; fileEncoding = 4; lastKnownFileType = sourcecode.swift; name = Emojize.swift; path = BitBar/Parser/Emojize.swift; sourceTree = "<group>"; };
		207BD8671E2379EA007AA0C7 /* Font.swift */ = {isa = PBXFileReference; fileEncoding = 4; lastKnownFileType = sourcecode.swift; name = Font.swift; path = BitBar/Parser/Font.swift; sourceTree = "<group>"; };
		207BD8681E2379EA007AA0C7 /* Href.swift */ = {isa = PBXFileReference; fileEncoding = 4; lastKnownFileType = sourcecode.swift; name = Href.swift; path = BitBar/Parser/Href.swift; sourceTree = "<group>"; };
		207BD8691E2379EA007AA0C7 /* Image.swift */ = {isa = PBXFileReference; fileEncoding = 4; lastKnownFileType = sourcecode.swift; name = Image.swift; path = BitBar/Parser/Image.swift; sourceTree = "<group>"; };
		207BD86A1E2379EA007AA0C7 /* Length.swift */ = {isa = PBXFileReference; fileEncoding = 4; lastKnownFileType = sourcecode.swift; name = Length.swift; path = BitBar/Parser/Length.swift; sourceTree = "<group>"; };
		207BD86C1E2379EA007AA0C7 /* NamedParam.swift */ = {isa = PBXFileReference; fileEncoding = 4; lastKnownFileType = sourcecode.swift; name = NamedParam.swift; path = BitBar/Parser/NamedParam.swift; sourceTree = "<group>"; };
		207BD86D1E2379EA007AA0C7 /* Output.swift */ = {isa = PBXFileReference; fileEncoding = 4; lastKnownFileType = sourcecode.swift; name = Output.swift; path = BitBar/Parser/Output.swift; sourceTree = "<group>"; };
		207BD8701E2379EA007AA0C7 /* Refresh.swift */ = {isa = PBXFileReference; fileEncoding = 4; lastKnownFileType = sourcecode.swift; name = Refresh.swift; path = BitBar/Parser/Refresh.swift; sourceTree = "<group>"; };
		207BD8711E2379EA007AA0C7 /* Size.swift */ = {isa = PBXFileReference; fileEncoding = 4; lastKnownFileType = sourcecode.swift; name = Size.swift; path = BitBar/Parser/Size.swift; sourceTree = "<group>"; };
		207BD8731E2379EA007AA0C7 /* TemplateImage.swift */ = {isa = PBXFileReference; fileEncoding = 4; lastKnownFileType = sourcecode.swift; name = TemplateImage.swift; path = BitBar/Parser/TemplateImage.swift; sourceTree = "<group>"; };
		207BD8741E2379EA007AA0C7 /* Terminal.swift */ = {isa = PBXFileReference; fileEncoding = 4; lastKnownFileType = sourcecode.swift; name = Terminal.swift; path = BitBar/Parser/Terminal.swift; sourceTree = "<group>"; };
		207BD8751E2379EA007AA0C7 /* Title.swift */ = {isa = PBXFileReference; fileEncoding = 4; lastKnownFileType = sourcecode.swift; name = Title.swift; path = BitBar/Parser/Title.swift; sourceTree = "<group>"; };
		207BD8761E2379EA007AA0C7 /* Trim.swift */ = {isa = PBXFileReference; fileEncoding = 4; lastKnownFileType = sourcecode.swift; name = Trim.swift; path = BitBar/Parser/Trim.swift; sourceTree = "<group>"; };
		207FCC6A1E25F775009F426C /* ParamsTest.swift */ = {isa = PBXFileReference; fileEncoding = 4; lastKnownFileType = sourcecode.swift; path = ParamsTest.swift; sourceTree = "<group>"; };
		2084CCDD1E2A3E7100DE01F6 /* args.sh */ = {isa = PBXFileReference; fileEncoding = 4; lastKnownFileType = text.script.sh; path = args.sh; sourceTree = "<group>"; };
		2084CCDE1E2A3E7100DE01F6 /* exit1-no-output.sh */ = {isa = PBXFileReference; fileEncoding = 4; lastKnownFileType = text.script.sh; path = "exit1-no-output.sh"; sourceTree = "<group>"; };
		2084CCDF1E2A3E7100DE01F6 /* exit1-output.sh */ = {isa = PBXFileReference; fileEncoding = 4; lastKnownFileType = text.script.sh; path = "exit1-output.sh"; sourceTree = "<group>"; };
		2084CCE01E2A3E7100DE01F6 /* fails.sh */ = {isa = PBXFileReference; fileEncoding = 4; lastKnownFileType = text.script.sh; path = fails.sh; sourceTree = "<group>"; };
		2084CCE11E2A3E7100DE01F6 /* hello.sh */ = {isa = PBXFileReference; fileEncoding = 4; lastKnownFileType = text.script.sh; path = hello.sh; sourceTree = "<group>"; };
		2084CCE21E2A3E7100DE01F6 /* missing-sh-bin.sh */ = {isa = PBXFileReference; fileEncoding = 4; lastKnownFileType = text.script.sh; path = "missing-sh-bin.sh"; sourceTree = "<group>"; };
		2084CCE31E2A3E7100DE01F6 /* nonexec.sh */ = {isa = PBXFileReference; fileEncoding = 4; lastKnownFileType = text.script.sh; path = nonexec.sh; sourceTree = "<group>"; };
		2084CCE41E2A3E7100DE01F6 /* sleep.sh */ = {isa = PBXFileReference; fileEncoding = 4; lastKnownFileType = text.script.sh; path = sleep.sh; sourceTree = "<group>"; };
		209632EE1E20A264003BC47E /* NamedParam.swift */ = {isa = PBXFileReference; fileEncoding = 4; lastKnownFileType = sourcecode.swift; name = NamedParam.swift; path = Arbitrary/NamedParam.swift; sourceTree = "<group>"; };
		2097884E1E2420E300A91F4D /* ScriptTests.swift */ = {isa = PBXFileReference; fileEncoding = 4; lastKnownFileType = sourcecode.swift; path = ScriptTests.swift; sourceTree = "<group>"; };
		2099FAAC1E1E300900F758AF /* Alternate.swift */ = {isa = PBXFileReference; fileEncoding = 4; lastKnownFileType = sourcecode.swift; name = Alternate.swift; path = Arbitrary/Alternate.swift; sourceTree = "<group>"; };
		2099FAAD1E1E300900F758AF /* Ansi.swift */ = {isa = PBXFileReference; fileEncoding = 4; lastKnownFileType = sourcecode.swift; name = Ansi.swift; path = Arbitrary/Ansi.swift; sourceTree = "<group>"; };
		2099FAAE1E1E300900F758AF /* Dropdown.swift */ = {isa = PBXFileReference; fileEncoding = 4; lastKnownFileType = sourcecode.swift; name = Dropdown.swift; path = Arbitrary/Dropdown.swift; sourceTree = "<group>"; };
		2099FAAF1E1E300900F758AF /* Emojize.swift */ = {isa = PBXFileReference; fileEncoding = 4; lastKnownFileType = sourcecode.swift; name = Emojize.swift; path = Arbitrary/Emojize.swift; sourceTree = "<group>"; };
		2099FAB01E1E300900F758AF /* Refresh.swift */ = {isa = PBXFileReference; fileEncoding = 4; lastKnownFileType = sourcecode.swift; name = Refresh.swift; path = Arbitrary/Refresh.swift; sourceTree = "<group>"; };
		2099FAB11E1E300900F758AF /* Trim.swift */ = {isa = PBXFileReference; fileEncoding = 4; lastKnownFileType = sourcecode.swift; name = Trim.swift; path = Arbitrary/Trim.swift; sourceTree = "<group>"; };
		209CE1931E1E5CE1000A2980 /* Color.swift */ = {isa = PBXFileReference; fileEncoding = 4; lastKnownFileType = sourcecode.swift; name = Color.swift; path = Arbitrary/Color.swift; sourceTree = "<group>"; };
		209CE1941E1E5CE1000A2980 /* TemplateImage.swift */ = {isa = PBXFileReference; fileEncoding = 4; lastKnownFileType = sourcecode.swift; name = TemplateImage.swift; path = Arbitrary/TemplateImage.swift; sourceTree = "<group>"; };
		209F70801E32E298005365B2 /* Listen.swift */ = {isa = PBXFileReference; fileEncoding = 4; lastKnownFileType = sourcecode.swift; name = Listen.swift; path = BitBar/Listen.swift; sourceTree = "<group>"; };
		209F70821E32EA9E005365B2 /* App.swift */ = {isa = PBXFileReference; fileEncoding = 4; lastKnownFileType = sourcecode.swift; name = App.swift; path = BitBar/App.swift; sourceTree = "<group>"; };
		209F70841E3316C4005365B2 /* Container.swift */ = {isa = PBXFileReference; fileEncoding = 4; lastKnownFileType = sourcecode.swift; name = Container.swift; path = BitBar/Container.swift; sourceTree = "<group>"; };
		209F70861E331AF4005365B2 /* PathSelector.swift */ = {isa = PBXFileReference; fileEncoding = 4; lastKnownFileType = sourcecode.swift; name = PathSelector.swift; path = BitBar/PathSelector.swift; sourceTree = "<group>"; };
		20A115BF1E15E43E00A68722 /* BitBar.app */ = {isa = PBXFileReference; explicitFileType = wrapper.application; includeInIndex = 0; path = BitBar.app; sourceTree = BUILT_PRODUCTS_DIR; };
		20A115CE1E15E43F00A68722 /* BitBarTests.xctest */ = {isa = PBXFileReference; explicitFileType = wrapper.cfbundle; includeInIndex = 0; path = BitBarTests.xctest; sourceTree = BUILT_PRODUCTS_DIR; };
		20A115D41E15E43F00A68722 /* Info.plist */ = {isa = PBXFileReference; lastKnownFileType = text.plist.xml; path = Info.plist; sourceTree = "<group>"; };
		20A39F6C1E26CA0B001BAB72 /* Checked.swift */ = {isa = PBXFileReference; fileEncoding = 4; lastKnownFileType = sourcecode.swift; name = Checked.swift; path = BitBar/Parser/Checked.swift; sourceTree = "<group>"; };
		20AB0A661E1DAE11000DFFFD /* Title.swift */ = {isa = PBXFileReference; fileEncoding = 4; lastKnownFileType = sourcecode.swift; name = Title.swift; path = Arbitrary/Title.swift; sourceTree = "<group>"; };
		20AB0A6E1E1DD194000DFFFD /* Terminal.swift */ = {isa = PBXFileReference; fileEncoding = 4; lastKnownFileType = sourcecode.swift; name = Terminal.swift; path = Arbitrary/Terminal.swift; sourceTree = "<group>"; };
		20B19E311E2F56A9007D9778 /* DefaultsKeys.swift */ = {isa = PBXFileReference; fileEncoding = 4; lastKnownFileType = sourcecode.swift; path = DefaultsKeys.swift; sourceTree = "<group>"; };
		20B489BA1E1E7A300089E874 /* Bash.swift */ = {isa = PBXFileReference; fileEncoding = 4; lastKnownFileType = sourcecode.swift; name = Bash.swift; path = Arbitrary/Bash.swift; sourceTree = "<group>"; };
		20B489BB1E1E7A300089E874 /* Size.swift */ = {isa = PBXFileReference; fileEncoding = 4; lastKnownFileType = sourcecode.swift; name = Size.swift; path = Arbitrary/Size.swift; sourceTree = "<group>"; };
		20C1F87B1E23F521007E0D93 /* Menu.swift */ = {isa = PBXFileReference; fileEncoding = 4; lastKnownFileType = sourcecode.swift; name = Menu.swift; path = BitBar/Parser/Menu.swift; sourceTree = "<group>"; };
		20C1F87D1E23F529007E0D93 /* Menu.swift */ = {isa = PBXFileReference; fileEncoding = 4; lastKnownFileType = sourcecode.swift; name = Menu.swift; path = Arbitrary/Menu.swift; sourceTree = "<group>"; };
		20C8B98D1E237D76005DBC9D /* Parser.swift */ = {isa = PBXFileReference; fileEncoding = 4; lastKnownFileType = sourcecode.swift; name = Parser.swift; path = BitBar/Parser/Parser.swift; sourceTree = "<group>"; };
		20DEE5FB1E237BA200AF22D2 /* Result.swift */ = {isa = PBXFileReference; fileEncoding = 4; lastKnownFileType = sourcecode.swift; name = Result.swift; path = BitBar/Parser/Result.swift; sourceTree = "<group>"; };
		20DEE5FC1E237BA200AF22D2 /* StringVal.swift */ = {isa = PBXFileReference; fileEncoding = 4; lastKnownFileType = sourcecode.swift; name = StringVal.swift; path = BitBar/Parser/StringVal.swift; sourceTree = "<group>"; };
		20DEE5FD1E237BA200AF22D2 /* BoolVal.swift */ = {isa = PBXFileReference; fileEncoding = 4; lastKnownFileType = sourcecode.swift; name = BoolVal.swift; path = BitBar/Parser/BoolVal.swift; sourceTree = "<group>"; };
		20DEE5FE1E237BA200AF22D2 /* IntVal.swift */ = {isa = PBXFileReference; fileEncoding = 4; lastKnownFileType = sourcecode.swift; name = IntVal.swift; path = BitBar/Parser/IntVal.swift; sourceTree = "<group>"; };
		20DEE6011E237BA200AF22D2 /* Param.swift */ = {isa = PBXFileReference; fileEncoding = 4; lastKnownFileType = sourcecode.swift; name = Param.swift; path = BitBar/Parser/Param.swift; sourceTree = "<group>"; };
		20E660621E2399A300B530B1 /* Helper.swift */ = {isa = PBXFileReference; fileEncoding = 4; lastKnownFileType = sourcecode.swift; path = Helper.swift; sourceTree = "<group>"; };
		20F54DF71E1E994E000416C6 /* Output.swift */ = {isa = PBXFileReference; fileEncoding = 4; lastKnownFileType = sourcecode.swift; name = Output.swift; path = Arbitrary/Output.swift; sourceTree = "<group>"; };
		829CB0E03DE7D2CA303532BC /* Pods-BitBarTests.release.xcconfig */ = {isa = PBXFileReference; includeInIndex = 1; lastKnownFileType = text.xcconfig; name = "Pods-BitBarTests.release.xcconfig"; path = "Pods/Target Support Files/Pods-BitBarTests/Pods-BitBarTests.release.xcconfig"; sourceTree = "<group>"; };
		83610C5C17651A29374F4221 /* Pods-BitBar.debug.xcconfig */ = {isa = PBXFileReference; includeInIndex = 1; lastKnownFileType = text.xcconfig; name = "Pods-BitBar.debug.xcconfig"; path = "Pods/Target Support Files/Pods-BitBar/Pods-BitBar.debug.xcconfig"; sourceTree = "<group>"; };
		D6632475461BB557F6BF9B5E /* Pods-BitBarTests.debug.xcconfig */ = {isa = PBXFileReference; includeInIndex = 1; lastKnownFileType = text.xcconfig; name = "Pods-BitBarTests.debug.xcconfig"; path = "Pods/Target Support Files/Pods-BitBarTests/Pods-BitBarTests.debug.xcconfig"; sourceTree = "<group>"; };
		F9FD803BD86A42F69A80929A /* Pods_BitBarTests.framework */ = {isa = PBXFileReference; explicitFileType = wrapper.framework; includeInIndex = 0; path = Pods_BitBarTests.framework; sourceTree = BUILT_PRODUCTS_DIR; };
/* End PBXFileReference section */

/* Begin PBXFrameworksBuildPhase section */
		20A115BC1E15E43E00A68722 /* Frameworks */ = {
			isa = PBXFrameworksBuildPhase;
			buildActionMask = 2147483647;
			files = (
				7B1C7F93DADBBA20B8A5067D /* Pods_BitBar.framework in Frameworks */,
			);
			runOnlyForDeploymentPostprocessing = 0;
		};
		20A115CB1E15E43F00A68722 /* Frameworks */ = {
			isa = PBXFrameworksBuildPhase;
			buildActionMask = 2147483647;
			files = (
				B1291609E14C904D52228822 /* Pods_BitBarTests.framework in Frameworks */,
			);
			runOnlyForDeploymentPostprocessing = 0;
		};
/* End PBXFrameworksBuildPhase section */

/* Begin PBXGroup section */
		0D476355E64BBA91357E7B61 /* Pods */ = {
			isa = PBXGroup;
			children = (
				83610C5C17651A29374F4221 /* Pods-BitBar.debug.xcconfig */,
				00CDDAB0A8E092EC11C6CAAC /* Pods-BitBar.release.xcconfig */,
				D6632475461BB557F6BF9B5E /* Pods-BitBarTests.debug.xcconfig */,
				829CB0E03DE7D2CA303532BC /* Pods-BitBarTests.release.xcconfig */,
			);
			name = Pods;
			sourceTree = "<group>";
		};
		2031E9991E325AC1004A33E5 /* Extensions */ = {
			isa = PBXGroup;
			children = (
				2031E99A1E325AE2004A33E5 /* NSAttributedString.swift */,
				2031E99B1E325AE2004A33E5 /* NSFont.swift */,
				2031E99C1E325AE2004A33E5 /* NSMutableAttributedString.swift */,
				2031E99D1E325AE2004A33E5 /* String.swift */,
			);
			name = Extensions;
			sourceTree = "<group>";
		};
		2045FB231E161BC0007D8EF7 /* Parser */ = {
			isa = PBXGroup;
			children = (
				20A39F6C1E26CA0B001BAB72 /* Checked.swift */,
				20C1F87B1E23F521007E0D93 /* Menu.swift */,
				2008E6EF1E23DD6B007FC1D6 /* File.swift */,
				20C8B98D1E237D76005DBC9D /* Parser.swift */,
				20DEE5FB1E237BA200AF22D2 /* Result.swift */,
				20DEE5FC1E237BA200AF22D2 /* StringVal.swift */,
				20DEE5FD1E237BA200AF22D2 /* BoolVal.swift */,
				20DEE5FE1E237BA200AF22D2 /* IntVal.swift */,
				20DEE6011E237BA200AF22D2 /* Param.swift */,
				207BD8611E2379EA007AA0C7 /* Alternate.swift */,
				207BD8621E2379EA007AA0C7 /* Ansi.swift */,
				207BD8631E2379EA007AA0C7 /* Bash.swift */,
				207BD8641E2379EA007AA0C7 /* Color.swift */,
				207BD8651E2379EA007AA0C7 /* Dropdown.swift */,
				207BD8661E2379EA007AA0C7 /* Emojize.swift */,
				207BD8671E2379EA007AA0C7 /* Font.swift */,
				207BD8681E2379EA007AA0C7 /* Href.swift */,
				207BD8691E2379EA007AA0C7 /* Image.swift */,
				207BD86A1E2379EA007AA0C7 /* Length.swift */,
				207BD86C1E2379EA007AA0C7 /* NamedParam.swift */,
				207BD86D1E2379EA007AA0C7 /* Output.swift */,
				207BD8701E2379EA007AA0C7 /* Refresh.swift */,
				207BD8711E2379EA007AA0C7 /* Size.swift */,
				207BD8731E2379EA007AA0C7 /* TemplateImage.swift */,
				207BD8741E2379EA007AA0C7 /* Terminal.swift */,
				207BD8751E2379EA007AA0C7 /* Title.swift */,
				207BD8761E2379EA007AA0C7 /* Trim.swift */,
			);
			name = Parser;
			sourceTree = "<group>";
		};
		2058A75F1E2A391500D09A21 /* Scripts */ = {
			isa = PBXGroup;
			children = (
				2031E9A41E328C66004A33E5 /* sub.10s.sh */,
			);
			name = Scripts;
			sourceTree = "<group>";
		};
		205A863C1E1DA94900E2C38C /* Arbitrary */ = {
			isa = PBXGroup;
			children = (
				20C1F87D1E23F529007E0D93 /* Menu.swift */,
				209632EE1E20A264003BC47E /* NamedParam.swift */,
				205C410F1E1EA32800DAFE22 /* Length.swift */,
				20F54DF71E1E994E000416C6 /* Output.swift */,
				206277871E1E7EFA0032AD69 /* Href.swift */,
				206277881E1E7EFA0032AD69 /* Font.swift */,
				20B489BA1E1E7A300089E874 /* Bash.swift */,
				20B489BB1E1E7A300089E874 /* Size.swift */,
				209CE1931E1E5CE1000A2980 /* Color.swift */,
				209CE1941E1E5CE1000A2980 /* TemplateImage.swift */,
				2099FAAC1E1E300900F758AF /* Alternate.swift */,
				2099FAAD1E1E300900F758AF /* Ansi.swift */,
				2099FAAE1E1E300900F758AF /* Dropdown.swift */,
				2099FAAF1E1E300900F758AF /* Emojize.swift */,
				2099FAB01E1E300900F758AF /* Refresh.swift */,
				2099FAB11E1E300900F758AF /* Trim.swift */,
				2015BEAA1E1DD408007AEC6B /* Image.swift */,
				20AB0A6E1E1DD194000DFFFD /* Terminal.swift */,
				20AB0A661E1DAE11000DFFFD /* Title.swift */,
			);
			name = Arbitrary;
			sourceTree = "<group>";
		};
		2067064D1E15F6DB000DAADE /* BitBar */ = {
			isa = PBXGroup;
			children = (
				20B19E311E2F56A9007D9778 /* DefaultsKeys.swift */,
				20642E7E1E2A758B004D9A28 /* MenuDelegate.swift */,
				2067064E1E15F6DB000DAADE /* AppDelegate.swift */,
				206706551E15F6DB000DAADE /* Plugin */,
				206706581E15F6DB000DAADE /* PluginManager.swift */,
				2067065F1E15F6DB000DAADE /* Script */,
				206706631E15F6DB000DAADE /* Tray */,
			);
			path = BitBar;
			sourceTree = "<group>";
		};
		206706551E15F6DB000DAADE /* Plugin */ = {
			isa = PBXGroup;
			children = (
				206706561E15F6DB000DAADE /* ExecutablePlugin.swift */,
				206706571E15F6DB000DAADE /* Plugin.swift */,
			);
			path = Plugin;
			sourceTree = "<group>";
		};
		2067065F1E15F6DB000DAADE /* Script */ = {
			isa = PBXGroup;
			children = (
				206706601E15F6DB000DAADE /* Script.swift */,
				206706611E15F6DB000DAADE /* ScriptDelegate.swift */,
			);
			path = Script;
			sourceTree = "<group>";
		};
		206706631E15F6DB000DAADE /* Tray */ = {
			isa = PBXGroup;
			children = (
				206706641E15F6DB000DAADE /* Tray.swift */,
				206706651E15F6DB000DAADE /* TrayDelegate.swift */,
			);
			path = Tray;
			sourceTree = "<group>";
		};
		2077E7721E15F88E00669E25 /* Supporting Files */ = {
			isa = PBXGroup;
			children = (
				20642E7B1E2A4E4C004D9A28 /* emoji.json */,
				204A9D741E160B3A0005E44F /* App.xib */,
				206706511E15F6DB000DAADE /* Info.plist */,
			);
			name = "Supporting Files";
			sourceTree = "<group>";
		};
		2084CCDC1E2A3E7100DE01F6 /* Scripts */ = {
			isa = PBXGroup;
			children = (
				2084CCDD1E2A3E7100DE01F6 /* args.sh */,
				2084CCDE1E2A3E7100DE01F6 /* exit1-no-output.sh */,
				2084CCDF1E2A3E7100DE01F6 /* exit1-output.sh */,
				2084CCE01E2A3E7100DE01F6 /* fails.sh */,
				2084CCE11E2A3E7100DE01F6 /* hello.sh */,
				2084CCE21E2A3E7100DE01F6 /* missing-sh-bin.sh */,
				2084CCE31E2A3E7100DE01F6 /* nonexec.sh */,
				2084CCE41E2A3E7100DE01F6 /* sleep.sh */,
			);
			path = Scripts;
			sourceTree = "<group>";
		};
		20A115B61E15E43E00A68722 = {
			isa = PBXGroup;
			children = (
				209F70861E331AF4005365B2 /* PathSelector.swift */,
				209F70841E3316C4005365B2 /* Container.swift */,
				209F70821E32EA9E005365B2 /* App.swift */,
				209F70801E32E298005365B2 /* Listen.swift */,
				2031E9A81E32C86B004A33E5 /* UpdatedAgoItem.swift */,
				2031E9A61E32A061004A33E5 /* PrefItem.swift */,
				2031E9A21E327F31004A33E5 /* ItemBase.swift */,
				2031E9991E325AC1004A33E5 /* Extensions */,
				2058A75F1E2A391500D09A21 /* Scripts */,
				2045FB231E161BC0007D8EF7 /* Parser */,
				2067064D1E15F6DB000DAADE /* BitBar */,
				20A115D11E15E43F00A68722 /* BitBarTests */,
				20A115C01E15E43E00A68722 /* Products */,
				0D476355E64BBA91357E7B61 /* Pods */,
				58ADBBFF60D17429320223FE /* Frameworks */,
				2077E7721E15F88E00669E25 /* Supporting Files */,
			);
			sourceTree = "<group>";
		};
		20A115C01E15E43E00A68722 /* Products */ = {
			isa = PBXGroup;
			children = (
				20A115BF1E15E43E00A68722 /* BitBar.app */,
				20A115CE1E15E43F00A68722 /* BitBarTests.xctest */,
			);
			name = Products;
			sourceTree = "<group>";
		};
		20A115D11E15E43F00A68722 /* BitBarTests */ = {
			isa = PBXGroup;
			children = (
				2084CCDC1E2A3E7100DE01F6 /* Scripts */,
				204F73001E2A0BDD00D56243 /* AnsiParserTests.swift */,
				207FCC6A1E25F775009F426C /* ParamsTest.swift */,
				2097884E1E2420E300A91F4D /* ScriptTests.swift */,
				2008E6F11E23DD74007FC1D6 /* FileNameTests.swift */,
				2072774B1E239D9100496F25 /* ManualTests.swift */,
				207277491E239D8B00496F25 /* PropertyTests.swift */,
				20E660621E2399A300B530B1 /* Helper.swift */,
				205A863C1E1DA94900E2C38C /* Arbitrary */,
				20A115D41E15E43F00A68722 /* Info.plist */,
			);
			path = BitBarTests;
			sourceTree = "<group>";
		};
		58ADBBFF60D17429320223FE /* Frameworks */ = {
			isa = PBXGroup;
			children = (
				1D7668DC35F332B9361C63E1 /* Pods_BitBar.framework */,
				F9FD803BD86A42F69A80929A /* Pods_BitBarTests.framework */,
			);
			name = Frameworks;
			sourceTree = "<group>";
		};
/* End PBXGroup section */

/* Begin PBXNativeTarget section */
		20A115BE1E15E43E00A68722 /* BitBar */ = {
			isa = PBXNativeTarget;
			buildConfigurationList = 20A115E21E15E43F00A68722 /* Build configuration list for PBXNativeTarget "BitBar" */;
			buildPhases = (
				859F492924DC73BEBAA1B931 /* [CP] Check Pods Manifest.lock */,
				20A115BB1E15E43E00A68722 /* Sources */,
				20A115BC1E15E43E00A68722 /* Frameworks */,
				20A115BD1E15E43E00A68722 /* Resources */,
				B2E6D5F10CEFA91FCD9F4B63 /* [CP] Embed Pods Frameworks */,
				D0E651DBA90807AABA499287 /* [CP] Copy Pods Resources */,
			);
			buildRules = (
			);
			dependencies = (
			);
			name = BitBar;
			productName = BitBar;
			productReference = 20A115BF1E15E43E00A68722 /* BitBar.app */;
			productType = "com.apple.product-type.application";
		};
		20A115CD1E15E43F00A68722 /* BitBarTests */ = {
			isa = PBXNativeTarget;
			buildConfigurationList = 20A115E51E15E43F00A68722 /* Build configuration list for PBXNativeTarget "BitBarTests" */;
			buildPhases = (
				6E9260B6C18236F52DD4C5FF /* [CP] Check Pods Manifest.lock */,
				20A115CA1E15E43F00A68722 /* Sources */,
				20A115CB1E15E43F00A68722 /* Frameworks */,
				20A115CC1E15E43F00A68722 /* Resources */,
				4F0A4C80D7CDFC75775ABA17 /* [CP] Embed Pods Frameworks */,
				99F232CCF2A2878EE2A8A662 /* [CP] Copy Pods Resources */,
			);
			buildRules = (
			);
			dependencies = (
				20A115D01E15E43F00A68722 /* PBXTargetDependency */,
			);
			name = BitBarTests;
			productName = BitBarTests;
			productReference = 20A115CE1E15E43F00A68722 /* BitBarTests.xctest */;
			productType = "com.apple.product-type.bundle.unit-test";
		};
/* End PBXNativeTarget section */

/* Begin PBXProject section */
		20A115B71E15E43E00A68722 /* Project object */ = {
			isa = PBXProject;
			attributes = {
				LastSwiftUpdateCheck = 0820;
				LastUpgradeCheck = 0820;
				ORGANIZATIONNAME = BitBar;
				TargetAttributes = {
					20A115BE1E15E43E00A68722 = {
						CreatedOnToolsVersion = 8.2.1;
						LastSwiftMigration = 0820;
						ProvisioningStyle = Automatic;
					};
					20A115CD1E15E43F00A68722 = {
						CreatedOnToolsVersion = 8.2.1;
						ProvisioningStyle = Automatic;
						TestTargetID = 20A115BE1E15E43E00A68722;
					};
				};
			};
			buildConfigurationList = 20A115BA1E15E43E00A68722 /* Build configuration list for PBXProject "BitBar" */;
			compatibilityVersion = "Xcode 3.2";
			developmentRegion = English;
			hasScannedForEncodings = 0;
			knownRegions = (
				en,
				Base,
			);
			mainGroup = 20A115B61E15E43E00A68722;
			productRefGroup = 20A115C01E15E43E00A68722 /* Products */;
			projectDirPath = "";
			projectRoot = "";
			targets = (
				20A115BE1E15E43E00A68722 /* BitBar */,
				20A115CD1E15E43F00A68722 /* BitBarTests */,
			);
		};
/* End PBXProject section */

/* Begin PBXResourcesBuildPhase section */
		20A115BD1E15E43E00A68722 /* Resources */ = {
			isa = PBXResourcesBuildPhase;
			buildActionMask = 2147483647;
			files = (
				204A9D751E160B3A0005E44F /* App.xib in Resources */,
				2031E9A51E328C66004A33E5 /* sub.10s.sh in Resources */,
				20642E7C1E2A4E4C004D9A28 /* emoji.json in Resources */,
			);
			runOnlyForDeploymentPostprocessing = 0;
		};
		20A115CC1E15E43F00A68722 /* Resources */ = {
			isa = PBXResourcesBuildPhase;
			buildActionMask = 2147483647;
			files = (
				2084CCE71E2A3E7100DE01F6 /* exit1-output.sh in Resources */,
				2084CCEA1E2A3E7100DE01F6 /* missing-sh-bin.sh in Resources */,
				2084CCEC1E2A3E7100DE01F6 /* sleep.sh in Resources */,
				20642E7D1E2A4E4C004D9A28 /* emoji.json in Resources */,
				2084CCEB1E2A3E7100DE01F6 /* nonexec.sh in Resources */,
				2084CCE51E2A3E7100DE01F6 /* args.sh in Resources */,
				2084CCE61E2A3E7100DE01F6 /* exit1-no-output.sh in Resources */,
				2084CCE81E2A3E7100DE01F6 /* fails.sh in Resources */,
				2084CCE91E2A3E7100DE01F6 /* hello.sh in Resources */,
			);
			runOnlyForDeploymentPostprocessing = 0;
		};
/* End PBXResourcesBuildPhase section */

/* Begin PBXShellScriptBuildPhase section */
		4F0A4C80D7CDFC75775ABA17 /* [CP] Embed Pods Frameworks */ = {
			isa = PBXShellScriptBuildPhase;
			buildActionMask = 2147483647;
			files = (
			);
			inputPaths = (
			);
			name = "[CP] Embed Pods Frameworks";
			outputPaths = (
			);
			runOnlyForDeploymentPostprocessing = 0;
			shellPath = /bin/sh;
			shellScript = "\"${SRCROOT}/Pods/Target Support Files/Pods-BitBarTests/Pods-BitBarTests-frameworks.sh\"\n";
			showEnvVarsInLog = 0;
		};
		6E9260B6C18236F52DD4C5FF /* [CP] Check Pods Manifest.lock */ = {
			isa = PBXShellScriptBuildPhase;
			buildActionMask = 2147483647;
			files = (
			);
			inputPaths = (
			);
			name = "[CP] Check Pods Manifest.lock";
			outputPaths = (
			);
			runOnlyForDeploymentPostprocessing = 0;
			shellPath = /bin/sh;
			shellScript = "diff \"${PODS_ROOT}/../Podfile.lock\" \"${PODS_ROOT}/Manifest.lock\" > /dev/null\nif [ $? != 0 ] ; then\n    # print error to STDERR\n    echo \"error: The sandbox is not in sync with the Podfile.lock. Run 'pod install' or update your CocoaPods installation.\" >&2\n    exit 1\nfi\n";
			showEnvVarsInLog = 0;
		};
		859F492924DC73BEBAA1B931 /* [CP] Check Pods Manifest.lock */ = {
			isa = PBXShellScriptBuildPhase;
			buildActionMask = 2147483647;
			files = (
			);
			inputPaths = (
			);
			name = "[CP] Check Pods Manifest.lock";
			outputPaths = (
			);
			runOnlyForDeploymentPostprocessing = 0;
			shellPath = /bin/sh;
			shellScript = "diff \"${PODS_ROOT}/../Podfile.lock\" \"${PODS_ROOT}/Manifest.lock\" > /dev/null\nif [ $? != 0 ] ; then\n    # print error to STDERR\n    echo \"error: The sandbox is not in sync with the Podfile.lock. Run 'pod install' or update your CocoaPods installation.\" >&2\n    exit 1\nfi\n";
			showEnvVarsInLog = 0;
		};
		99F232CCF2A2878EE2A8A662 /* [CP] Copy Pods Resources */ = {
			isa = PBXShellScriptBuildPhase;
			buildActionMask = 2147483647;
			files = (
			);
			inputPaths = (
			);
			name = "[CP] Copy Pods Resources";
			outputPaths = (
			);
			runOnlyForDeploymentPostprocessing = 0;
			shellPath = /bin/sh;
			shellScript = "\"${SRCROOT}/Pods/Target Support Files/Pods-BitBarTests/Pods-BitBarTests-resources.sh\"\n";
			showEnvVarsInLog = 0;
		};
		B2E6D5F10CEFA91FCD9F4B63 /* [CP] Embed Pods Frameworks */ = {
			isa = PBXShellScriptBuildPhase;
			buildActionMask = 2147483647;
			files = (
			);
			inputPaths = (
			);
			name = "[CP] Embed Pods Frameworks";
			outputPaths = (
			);
			runOnlyForDeploymentPostprocessing = 0;
			shellPath = /bin/sh;
			shellScript = "\"${SRCROOT}/Pods/Target Support Files/Pods-BitBar/Pods-BitBar-frameworks.sh\"\n";
			showEnvVarsInLog = 0;
		};
		D0E651DBA90807AABA499287 /* [CP] Copy Pods Resources */ = {
			isa = PBXShellScriptBuildPhase;
			buildActionMask = 2147483647;
			files = (
			);
			inputPaths = (
			);
			name = "[CP] Copy Pods Resources";
			outputPaths = (
			);
			runOnlyForDeploymentPostprocessing = 0;
			shellPath = /bin/sh;
			shellScript = "\"${SRCROOT}/Pods/Target Support Files/Pods-BitBar/Pods-BitBar-resources.sh\"\n";
			showEnvVarsInLog = 0;
		};
/* End PBXShellScriptBuildPhase section */

/* Begin PBXSourcesBuildPhase section */
		20A115BB1E15E43E00A68722 /* Sources */ = {
			isa = PBXSourcesBuildPhase;
			buildActionMask = 2147483647;
			files = (
				2067066E1E15F6DB000DAADE /* PluginManager.swift in Sources */,
				206706771E15F6DB000DAADE /* TrayDelegate.swift in Sources */,
				2031E9A11E325AE2004A33E5 /* String.swift in Sources */,
				206706731E15F6DB000DAADE /* Script.swift in Sources */,
				207BD87E1E2379EA007AA0C7 /* Font.swift in Sources */,
				2031E9A31E327F31004A33E5 /* ItemBase.swift in Sources */,
				20DEE6051E237BA200AF22D2 /* IntVal.swift in Sources */,
				207BD8811E2379EA007AA0C7 /* Length.swift in Sources */,
				206706741E15F6DB000DAADE /* ScriptDelegate.swift in Sources */,
				20B19E321E2F56A9007D9778 /* DefaultsKeys.swift in Sources */,
				20A39F6D1E26CA0B001BAB72 /* Checked.swift in Sources */,
				207BD8781E2379EA007AA0C7 /* Alternate.swift in Sources */,
				20DEE6021E237BA200AF22D2 /* Result.swift in Sources */,
				209F70851E3316C4005365B2 /* Container.swift in Sources */,
				2067066C1E15F6DB000DAADE /* ExecutablePlugin.swift in Sources */,
				206706761E15F6DB000DAADE /* Tray.swift in Sources */,
				207BD87A1E2379EA007AA0C7 /* Bash.swift in Sources */,
				2031E99F1E325AE2004A33E5 /* NSFont.swift in Sources */,
				2067066D1E15F6DB000DAADE /* Plugin.swift in Sources */,
				207BD87C1E2379EA007AA0C7 /* Dropdown.swift in Sources */,
				2031E9A91E32C86B004A33E5 /* UpdatedAgoItem.swift in Sources */,
				207BD87B1E2379EA007AA0C7 /* Color.swift in Sources */,
				207BD8831E2379EA007AA0C7 /* NamedParam.swift in Sources */,
				20DEE6081E237BA200AF22D2 /* Param.swift in Sources */,
				209F70811E32E298005365B2 /* Listen.swift in Sources */,
				207BD88A1E2379EA007AA0C7 /* TemplateImage.swift in Sources */,
				207BD87D1E2379EA007AA0C7 /* Emojize.swift in Sources */,
				2008E6F01E23DD6B007FC1D6 /* File.swift in Sources */,
				209F70831E32EA9E005365B2 /* App.swift in Sources */,
				207BD8881E2379EA007AA0C7 /* Size.swift in Sources */,
				20DEE6041E237BA200AF22D2 /* BoolVal.swift in Sources */,
				207BD8841E2379EA007AA0C7 /* Output.swift in Sources */,
				207BD8871E2379EA007AA0C7 /* Refresh.swift in Sources */,
				2031E99E1E325AE2004A33E5 /* NSAttributedString.swift in Sources */,
				20C8B98E1E237D76005DBC9D /* Parser.swift in Sources */,
				209F70871E331AF4005365B2 /* PathSelector.swift in Sources */,
				207BD88C1E2379EA007AA0C7 /* Title.swift in Sources */,
				20642E7F1E2A758B004D9A28 /* MenuDelegate.swift in Sources */,
				2031E9A01E325AE2004A33E5 /* NSMutableAttributedString.swift in Sources */,
				20C1F87C1E23F521007E0D93 /* Menu.swift in Sources */,
				207BD87F1E2379EA007AA0C7 /* Href.swift in Sources */,
				207BD88D1E2379EA007AA0C7 /* Trim.swift in Sources */,
				20DEE6031E237BA200AF22D2 /* StringVal.swift in Sources */,
				207BD8791E2379EA007AA0C7 /* Ansi.swift in Sources */,
				206706661E15F6DB000DAADE /* AppDelegate.swift in Sources */,
				2031E9A71E32A061004A33E5 /* PrefItem.swift in Sources */,
				207BD88B1E2379EA007AA0C7 /* Terminal.swift in Sources */,
				207BD8801E2379EA007AA0C7 /* Image.swift in Sources */,
			);
			runOnlyForDeploymentPostprocessing = 0;
		};
		20A115CA1E15E43F00A68722 /* Sources */ = {
			isa = PBXSourcesBuildPhase;
			buildActionMask = 2147483647;
			files = (
				2072774A1E239D8B00496F25 /* PropertyTests.swift in Sources */,
				20AB0A681E1DAE11000DFFFD /* Title.swift in Sources */,
				2008E6F21E23DD74007FC1D6 /* FileNameTests.swift in Sources */,
				205C41101E1EA32800DAFE22 /* Length.swift in Sources */,
				209CE1961E1E5CE1000A2980 /* TemplateImage.swift in Sources */,
				204F73011E2A0BDD00D56243 /* AnsiParserTests.swift in Sources */,
				2099FAB71E1E300900F758AF /* Trim.swift in Sources */,
				206277891E1E7EFA0032AD69 /* Href.swift in Sources */,
				209CE1951E1E5CE1000A2980 /* Color.swift in Sources */,
				2099FAB41E1E300900F758AF /* Dropdown.swift in Sources */,
				209632EF1E20A264003BC47E /* NamedParam.swift in Sources */,
				20642E801E2A758B004D9A28 /* MenuDelegate.swift in Sources */,
				207FCC6B1E25F775009F426C /* ParamsTest.swift in Sources */,
				2099FAB21E1E300900F758AF /* Alternate.swift in Sources */,
				2099FAB51E1E300900F758AF /* Emojize.swift in Sources */,
				20B489BC1E1E7A300089E874 /* Bash.swift in Sources */,
				2062778A1E1E7EFA0032AD69 /* Font.swift in Sources */,
				20F54DF81E1E994E000416C6 /* Output.swift in Sources */,
				20AB0A701E1DD194000DFFFD /* Terminal.swift in Sources */,
				2099FAB31E1E300900F758AF /* Ansi.swift in Sources */,
				20C1F87E1E23F529007E0D93 /* Menu.swift in Sources */,
				2097884F1E2420E300A91F4D /* ScriptTests.swift in Sources */,
				20B489BD1E1E7A300089E874 /* Size.swift in Sources */,
				2099FAB61E1E300900F758AF /* Refresh.swift in Sources */,
				2015BEAB1E1DD408007AEC6B /* Image.swift in Sources */,
				20E660631E2399A300B530B1 /* Helper.swift in Sources */,
				2072774C1E239D9100496F25 /* ManualTests.swift in Sources */,
			);
			runOnlyForDeploymentPostprocessing = 0;
		};
/* End PBXSourcesBuildPhase section */

/* Begin PBXTargetDependency section */
		20A115D01E15E43F00A68722 /* PBXTargetDependency */ = {
			isa = PBXTargetDependency;
			target = 20A115BE1E15E43E00A68722 /* BitBar */;
			targetProxy = 20A115CF1E15E43F00A68722 /* PBXContainerItemProxy */;
		};
/* End PBXTargetDependency section */

/* Begin XCBuildConfiguration section */
		20A115E01E15E43F00A68722 /* Debug */ = {
			isa = XCBuildConfiguration;
			buildSettings = {
				ALWAYS_SEARCH_USER_PATHS = NO;
				CLANG_ANALYZER_NONNULL = YES;
				CLANG_CXX_LANGUAGE_STANDARD = "gnu++0x";
				CLANG_CXX_LIBRARY = "libc++";
				CLANG_ENABLE_MODULES = YES;
				CLANG_ENABLE_OBJC_ARC = YES;
				CLANG_WARN_BOOL_CONVERSION = YES;
				CLANG_WARN_CONSTANT_CONVERSION = YES;
				CLANG_WARN_DIRECT_OBJC_ISA_USAGE = YES_ERROR;
				CLANG_WARN_DOCUMENTATION_COMMENTS = YES;
				CLANG_WARN_EMPTY_BODY = YES;
				CLANG_WARN_ENUM_CONVERSION = YES;
				CLANG_WARN_INFINITE_RECURSION = YES;
				CLANG_WARN_INT_CONVERSION = YES;
				CLANG_WARN_OBJC_ROOT_CLASS = YES_ERROR;
				CLANG_WARN_SUSPICIOUS_MOVE = YES;
				CLANG_WARN_UNREACHABLE_CODE = YES;
				CLANG_WARN__DUPLICATE_METHOD_MATCH = YES;
				CODE_SIGN_IDENTITY = "-";
				COPY_PHASE_STRIP = NO;
				DEBUG_INFORMATION_FORMAT = dwarf;
				DEFINES_MODULE = YES;
				ENABLE_STRICT_OBJC_MSGSEND = YES;
				ENABLE_TESTABILITY = YES;
				GCC_C_LANGUAGE_STANDARD = gnu99;
				GCC_DYNAMIC_NO_PIC = NO;
				GCC_NO_COMMON_BLOCKS = YES;
				GCC_OPTIMIZATION_LEVEL = 0;
				GCC_PREPROCESSOR_DEFINITIONS = (
					"DEBUG=1",
					"$(inherited)",
				);
				GCC_WARN_64_TO_32_BIT_CONVERSION = YES;
				GCC_WARN_ABOUT_RETURN_TYPE = YES_ERROR;
				GCC_WARN_UNDECLARED_SELECTOR = YES;
				GCC_WARN_UNINITIALIZED_AUTOS = YES_AGGRESSIVE;
				GCC_WARN_UNUSED_FUNCTION = YES;
				GCC_WARN_UNUSED_VARIABLE = YES;
				INFOPLIST_FILE = Info.plist;
				MACOSX_DEPLOYMENT_TARGET = 10.12;
				MTL_ENABLE_DEBUG_INFO = YES;
				ONLY_ACTIVE_ARCH = YES;
				SDKROOT = macosx;
				SKIP_INSTALL = NO;
				SWIFT_ACTIVE_COMPILATION_CONDITIONS = DEBUG;
				SWIFT_OPTIMIZATION_LEVEL = "-Onone";
			};
			name = Debug;
		};
		20A115E11E15E43F00A68722 /* Release */ = {
			isa = XCBuildConfiguration;
			buildSettings = {
				ALWAYS_SEARCH_USER_PATHS = NO;
				CLANG_ANALYZER_NONNULL = YES;
				CLANG_CXX_LANGUAGE_STANDARD = "gnu++0x";
				CLANG_CXX_LIBRARY = "libc++";
				CLANG_ENABLE_MODULES = YES;
				CLANG_ENABLE_OBJC_ARC = YES;
				CLANG_WARN_BOOL_CONVERSION = YES;
				CLANG_WARN_CONSTANT_CONVERSION = YES;
				CLANG_WARN_DIRECT_OBJC_ISA_USAGE = YES_ERROR;
				CLANG_WARN_DOCUMENTATION_COMMENTS = YES;
				CLANG_WARN_EMPTY_BODY = YES;
				CLANG_WARN_ENUM_CONVERSION = YES;
				CLANG_WARN_INFINITE_RECURSION = YES;
				CLANG_WARN_INT_CONVERSION = YES;
				CLANG_WARN_OBJC_ROOT_CLASS = YES_ERROR;
				CLANG_WARN_SUSPICIOUS_MOVE = YES;
				CLANG_WARN_UNREACHABLE_CODE = YES;
				CLANG_WARN__DUPLICATE_METHOD_MATCH = YES;
				CODE_SIGN_IDENTITY = "-";
				COPY_PHASE_STRIP = NO;
				DEBUG_INFORMATION_FORMAT = "dwarf-with-dsym";
				DEFINES_MODULE = YES;
				ENABLE_NS_ASSERTIONS = NO;
				ENABLE_STRICT_OBJC_MSGSEND = YES;
				GCC_C_LANGUAGE_STANDARD = gnu99;
				GCC_NO_COMMON_BLOCKS = YES;
				GCC_WARN_64_TO_32_BIT_CONVERSION = YES;
				GCC_WARN_ABOUT_RETURN_TYPE = YES_ERROR;
				GCC_WARN_UNDECLARED_SELECTOR = YES;
				GCC_WARN_UNINITIALIZED_AUTOS = YES_AGGRESSIVE;
				GCC_WARN_UNUSED_FUNCTION = YES;
				GCC_WARN_UNUSED_VARIABLE = YES;
				INFOPLIST_FILE = Info.plist;
				MACOSX_DEPLOYMENT_TARGET = 10.12;
				MTL_ENABLE_DEBUG_INFO = NO;
				SDKROOT = macosx;
				SKIP_INSTALL = NO;
				SWIFT_OPTIMIZATION_LEVEL = "-Owholemodule";
			};
			name = Release;
		};
		20A115E31E15E43F00A68722 /* Debug */ = {
			isa = XCBuildConfiguration;
			baseConfigurationReference = 83610C5C17651A29374F4221 /* Pods-BitBar.debug.xcconfig */;
			buildSettings = {
				CLANG_ENABLE_MODULES = YES;
				COMBINE_HIDPI_IMAGES = YES;
				INFOPLIST_FILE = BitBar/Info.plist;
				LD_RUNPATH_SEARCH_PATHS = "$(inherited) @executable_path/../Frameworks";
				MACOSX_DEPLOYMENT_TARGET = 10.10;
				PRODUCT_BUNDLE_IDENTIFIER = com.getbitbar.BitBar;
				PRODUCT_NAME = "$(TARGET_NAME)";
				SKIP_INSTALL = NO;
				SWIFT_OBJC_BRIDGING_HEADER = "BitBar-Bridging-Header.h";
				SWIFT_OPTIMIZATION_LEVEL = "-Onone";
				SWIFT_VERSION = 3.0;
			};
			name = Debug;
		};
		20A115E41E15E43F00A68722 /* Release */ = {
			isa = XCBuildConfiguration;
			baseConfigurationReference = 00CDDAB0A8E092EC11C6CAAC /* Pods-BitBar.release.xcconfig */;
			buildSettings = {
				CLANG_ENABLE_MODULES = YES;
				COMBINE_HIDPI_IMAGES = YES;
				INFOPLIST_FILE = BitBar/Info.plist;
				LD_RUNPATH_SEARCH_PATHS = "$(inherited) @executable_path/../Frameworks";
				MACOSX_DEPLOYMENT_TARGET = 10.10;
				PRODUCT_BUNDLE_IDENTIFIER = com.getbitbar.BitBar;
				PRODUCT_NAME = "$(TARGET_NAME)";
				SKIP_INSTALL = NO;
				SWIFT_OBJC_BRIDGING_HEADER = "BitBar-Bridging-Header.h";
				SWIFT_VERSION = 3.0;
			};
			name = Release;
		};
		20A115E61E15E43F00A68722 /* Debug */ = {
			isa = XCBuildConfiguration;
			baseConfigurationReference = D6632475461BB557F6BF9B5E /* Pods-BitBarTests.debug.xcconfig */;
			buildSettings = {
				ALWAYS_EMBED_SWIFT_STANDARD_LIBRARIES = YES;
				BUNDLE_LOADER = "$(TEST_HOST)";
				COMBINE_HIDPI_IMAGES = YES;
				INFOPLIST_FILE = BitBarTests/Info.plist;
				LD_RUNPATH_SEARCH_PATHS = "$(inherited) @executable_path/../Frameworks @loader_path/../Frameworks";
				MACOSX_DEPLOYMENT_TARGET = 10.10;
				PRODUCT_BUNDLE_IDENTIFIER = com.getbitbar.BitBarTests;
				PRODUCT_NAME = "$(TARGET_NAME)";
				SWIFT_VERSION = 3.0;
				TEST_HOST = "$(BUILT_PRODUCTS_DIR)/BitBar.app/Contents/MacOS/BitBar";
			};
			name = Debug;
		};
		20A115E71E15E43F00A68722 /* Release */ = {
			isa = XCBuildConfiguration;
			baseConfigurationReference = 829CB0E03DE7D2CA303532BC /* Pods-BitBarTests.release.xcconfig */;
			buildSettings = {
				ALWAYS_EMBED_SWIFT_STANDARD_LIBRARIES = YES;
				BUNDLE_LOADER = "$(TEST_HOST)";
				COMBINE_HIDPI_IMAGES = YES;
				INFOPLIST_FILE = BitBarTests/Info.plist;
				LD_RUNPATH_SEARCH_PATHS = "$(inherited) @executable_path/../Frameworks @loader_path/../Frameworks";
				MACOSX_DEPLOYMENT_TARGET = 10.10;
				PRODUCT_BUNDLE_IDENTIFIER = com.getbitbar.BitBarTests;
				PRODUCT_NAME = "$(TARGET_NAME)";
				SWIFT_VERSION = 3.0;
				TEST_HOST = "$(BUILT_PRODUCTS_DIR)/BitBar.app/Contents/MacOS/BitBar";
			};
			name = Release;
		};
/* End XCBuildConfiguration section */

/* Begin XCConfigurationList section */
		20A115BA1E15E43E00A68722 /* Build configuration list for PBXProject "BitBar" */ = {
			isa = XCConfigurationList;
			buildConfigurations = (
				20A115E01E15E43F00A68722 /* Debug */,
				20A115E11E15E43F00A68722 /* Release */,
			);
			defaultConfigurationIsVisible = 0;
			defaultConfigurationName = Release;
		};
		20A115E21E15E43F00A68722 /* Build configuration list for PBXNativeTarget "BitBar" */ = {
			isa = XCConfigurationList;
			buildConfigurations = (
				20A115E31E15E43F00A68722 /* Debug */,
				20A115E41E15E43F00A68722 /* Release */,
			);
			defaultConfigurationIsVisible = 0;
			defaultConfigurationName = Release;
		};
		20A115E51E15E43F00A68722 /* Build configuration list for PBXNativeTarget "BitBarTests" */ = {
			isa = XCConfigurationList;
			buildConfigurations = (
				20A115E61E15E43F00A68722 /* Debug */,
				20A115E71E15E43F00A68722 /* Release */,
			);
			defaultConfigurationIsVisible = 0;
			defaultConfigurationName = Release;
		};
/* End XCConfigurationList section */
	};
	rootObject = 20A115B71E15E43E00A68722 /* Project object */;
}
